{
  "lockfile_version": "1",
  "packages": {
    "docker-client@28.3.2": {
      "last_modified": "2025-07-15T16:15:05Z",
      "resolved": "github:NixOS/nixpkgs/dab3a6e781554f965bde3def0aa2fda4eb8f1708#docker-client",
      "source": "devbox-search",
      "version": "28.3.2",
      "systems": {
        "aarch64-darwin": {
          "outputs": [
            {
              "name": "out",
              "path": "/nix/store/hwnwd8mdzpk1gahv35lni2m667zqr1rg-docker-28.3.2",
              "default": true
            }
          ],
          "store_path": "/nix/store/hwnwd8mdzpk1gahv35lni2m667zqr1rg-docker-28.3.2"
        },
        "aarch64-linux": {
          "outputs": [
            {
              "name": "out",
              "path": "/nix/store/y85paglfmqlph510snq72qxam3nlaj1s-docker-28.3.2",
              "default": true
            }
          ],
          "store_path": "/nix/store/y85paglfmqlph510snq72qxam3nlaj1s-docker-28.3.2"
        },
        "x86_64-darwin": {
          "outputs": [
            {
              "name": "out",
              "path": "/nix/store/xxdljnqxc58z32mmaahrh7l8qnkpa3sv-docker-28.3.2",
              "default": true
            }
          ],
          "store_path": "/nix/store/xxdljnqxc58z32mmaahrh7l8qnkpa3sv-docker-28.3.2"
        },
        "x86_64-linux": {
          "outputs": [
            {
              "name": "out",
              "path": "/nix/store/106702gvzdwr5wgjgfdp177ncdi0cfri-docker-28.3.2",
              "default": true
            }
          ],
          "store_path": "/nix/store/106702gvzdwr5wgjgfdp177ncdi0cfri-docker-28.3.2"
        }
      }
    },
    "github:NixOS/nixpkgs/nixpkgs-unstable": {
      "last_modified": "2025-05-20T08:00:33Z",
      "resolved": "github:NixOS/nixpkgs/2f9173bde1d3fbf1ad26ff6d52f952f9e9da52ea?lastModified=1747728033&narHash=sha256-NnXFQu7g4LnvPIPfJmBuZF7LFy%2Ffey2g2%2BLCzjQhTUk%3D"
    },
    "glibcLocales@latest": {
      "last_modified": "2025-07-13T22:45:35Z",
      "resolved": "github:NixOS/nixpkgs/a421ac6595024edcfbb1ef950a3712b89161c359#glibcLocales",
      "source": "devbox-search",
      "version": "2.40-66",
      "systems": {
        "aarch64-linux": {
          "outputs": [
            {
              "name": "out",
              "path": "/nix/store/wqz9ji7hzfnhg79wz9p7597vp898i9vz-glibc-locales-2.40-66",
              "default": true
            }
          ],
          "store_path": "/nix/store/wqz9ji7hzfnhg79wz9p7597vp898i9vz-glibc-locales-2.40-66"
        },
        "x86_64-linux": {
          "outputs": [
            {
              "name": "out",
              "path": "/nix/store/d7250sbw13rpdrcrcgv6hi6jkyp94m0g-glibc-locales-2.40-66",
              "default": true
            }
          ],
          "store_path": "/nix/store/d7250sbw13rpdrcrcgv6hi6jkyp94m0g-glibc-locales-2.40-66"
        }
      }
    },
    "gnupg@2.4.8": {
      "last_modified": "2025-07-13T22:45:35Z",
      "resolved": "github:NixOS/nixpkgs/a421ac6595024edcfbb1ef950a3712b89161c359#gnupg",
      "source": "devbox-search",
      "version": "2.4.8",
      "systems": {
        "aarch64-darwin": {
          "outputs": [
            {
              "name": "out",
              "path": "/nix/store/yd3gg9fqiiri6jj1ivsw3hahpz4a854h-gnupg-2.4.8",
              "default": true
            }
          ],
          "store_path": "/nix/store/yd3gg9fqiiri6jj1ivsw3hahpz4a854h-gnupg-2.4.8"
        },
        "aarch64-linux": {
          "outputs": [
            {
              "name": "out",
              "path": "/nix/store/ffzvgh2znq32xi9ypmr210ndzvxdy8g7-gnupg-2.4.8",
              "default": true
            }
          ],
          "store_path": "/nix/store/ffzvgh2znq32xi9ypmr210ndzvxdy8g7-gnupg-2.4.8"
        },
        "x86_64-darwin": {
          "outputs": [
            {
              "name": "out",
              "path": "/nix/store/h0djyiw95mwfmhj736i1nhh42qwvxfly-gnupg-2.4.8",
              "default": true
            }
          ],
          "store_path": "/nix/store/h0djyiw95mwfmhj736i1nhh42qwvxfly-gnupg-2.4.8"
        },
        "x86_64-linux": {
          "outputs": [
            {
              "name": "out",
              "path": "/nix/store/r4ywxakizw5q388r8ic000qyb36vjfmd-gnupg-2.4.8",
              "default": true
            }
          ],
          "store_path": "/nix/store/r4ywxakizw5q388r8ic000qyb36vjfmd-gnupg-2.4.8"
        }
      }
    },
    "jq@1.8.1": {
      "last_modified": "2025-07-15T16:15:05Z",
      "resolved": "github:NixOS/nixpkgs/dab3a6e781554f965bde3def0aa2fda4eb8f1708#jq",
      "source": "devbox-search",
      "version": "1.8.1",
      "systems": {
        "aarch64-darwin": {
          "outputs": [
            {
              "name": "bin",
              "path": "/nix/store/9g64fqz8v74v5ixgalm8a074jp754423-jq-1.8.1-bin",
              "default": true
            },
            {
              "name": "man",
              "path": "/nix/store/d6h860ssnqqm5pb18k7cha953j8v41rp-jq-1.8.1-man",
              "default": true
            },
            {
              "name": "out",
              "path": "/nix/store/5g1fsdjybk63bvnradhy861cv1j0zvbj-jq-1.8.1"
            },
            {
              "name": "dev",
              "path": "/nix/store/97sbzpy66rngcyzdx2xnwc58fd4xanz2-jq-1.8.1-dev"
            },
            {
              "name": "doc",
              "path": "/nix/store/2hc8qfk7rp04hafsr260dri1bd6ywvgc-jq-1.8.1-doc"
            }
          ],
          "store_path": "/nix/store/9g64fqz8v74v5ixgalm8a074jp754423-jq-1.8.1-bin"
        },
        "aarch64-linux": {
          "outputs": [
            {
              "name": "bin",
              "path": "/nix/store/l5rpi6yjzh77xr06zw3npj5b4wh8nd2r-jq-1.8.1-bin",
              "default": true
            },
            {
              "name": "man",
              "path": "/nix/store/df5cp877l2zda5hzs5aaj57nsb630mqj-jq-1.8.1-man",
              "default": true
            },
            {
              "name": "out",
              "path": "/nix/store/ywm87lf11xxj4qbc26sm466cy2krazhf-jq-1.8.1"
            },
            {
              "name": "dev",
              "path": "/nix/store/lxkdipbc6lnyjfaxc8993p0f3awzaxv7-jq-1.8.1-dev"
            },
            {
              "name": "doc",
              "path": "/nix/store/1lln8d94np1gvpa4xd3a7s70hpxcrjja-jq-1.8.1-doc"
            }
          ],
          "store_path": "/nix/store/l5rpi6yjzh77xr06zw3npj5b4wh8nd2r-jq-1.8.1-bin"
        },
        "x86_64-darwin": {
          "outputs": [
            {
              "name": "bin",
              "path": "/nix/store/97l9ssj90sn8aaggnqn2ds8jbwxbjkmv-jq-1.8.1-bin",
              "default": true
            },
            {
              "name": "man",
              "path": "/nix/store/mm9hiakwqhmqrc0ajdwy9pld482a5xh6-jq-1.8.1-man",
              "default": true
            },
            {
              "name": "dev",
              "path": "/nix/store/cbmrkzdp2rv163jj3m5415609jcg07qa-jq-1.8.1-dev"
            },
            {
              "name": "doc",
              "path": "/nix/store/z2cnrn59may5ngxgydjrhnsam4cl2chg-jq-1.8.1-doc"
            },
            {
              "name": "out",
              "path": "/nix/store/nvj03nflpfrpmza7cnnlyshvsnpa8hxc-jq-1.8.1"
            }
          ],
          "store_path": "/nix/store/97l9ssj90sn8aaggnqn2ds8jbwxbjkmv-jq-1.8.1-bin"
        },
        "x86_64-linux": {
          "outputs": [
            {
              "name": "bin",
              "path": "/nix/store/ddvkwrb70cx04g7a42rlg6ka1j819kv4-jq-1.8.1-bin",
              "default": true
            },
            {
              "name": "man",
              "path": "/nix/store/mkpcj600czkqcr542ysi8pzssadl4yrc-jq-1.8.1-man",
              "default": true
            },
            {
              "name": "dev",
              "path": "/nix/store/x0kva02y0iyh7l0qvnx3l8ci7ll1r5si-jq-1.8.1-dev"
            },
            {
              "name": "doc",
              "path": "/nix/store/fc6m4lbv9g4j1hfrx2yip2w83b4pjf42-jq-1.8.1-doc"
            },
            {
              "name": "out",
              "path": "/nix/store/zrv91dsf75ixqjym4syy0f6g87wrziw7-jq-1.8.1"
            }
          ],
          "store_path": "/nix/store/ddvkwrb70cx04g7a42rlg6ka1j819kv4-jq-1.8.1-bin"
        }
      }
    },
    "kind@0.29.0": {
      "last_modified": "2025-06-12T07:29:08Z",
      "resolved": "github:NixOS/nixpkgs/d202f48f1249f013aa2660c6733e251c85712cbe#kind",
      "source": "devbox-search",
      "version": "0.29.0",
      "systems": {
        "aarch64-darwin": {
          "outputs": [
            {
              "name": "out",
              "path": "/nix/store/81jc2zsdv4zhdniyyggpxm56lpl88cxb-kind-0.29.0",
              "default": true
            }
          ],
          "store_path": "/nix/store/81jc2zsdv4zhdniyyggpxm56lpl88cxb-kind-0.29.0"
        },
        "aarch64-linux": {
          "outputs": [
            {
              "name": "out",
              "path": "/nix/store/dwzvvmcignd20dg6kgizzn71vkj9la91-kind-0.29.0",
              "default": true
            }
          ],
          "store_path": "/nix/store/dwzvvmcignd20dg6kgizzn71vkj9la91-kind-0.29.0"
        },
        "x86_64-darwin": {
          "outputs": [
            {
              "name": "out",
              "path": "/nix/store/shydfb0h27gbdrmwhjbfg354xc22vxg2-kind-0.29.0",
              "default": true
            }
          ],
          "store_path": "/nix/store/shydfb0h27gbdrmwhjbfg354xc22vxg2-kind-0.29.0"
        },
        "x86_64-linux": {
          "outputs": [
            {
              "name": "out",
              "path": "/nix/store/52vfnn1wcqn3d5jzrqvcd6yzp3i1gw2m-kind-0.29.0",
              "default": true
            }
          ],
          "store_path": "/nix/store/52vfnn1wcqn3d5jzrqvcd6yzp3i1gw2m-kind-0.29.0"
        }
      }
    },
    "kubectl@1.33.2": {
      "last_modified": "2025-07-13T22:45:35Z",
      "resolved": "github:NixOS/nixpkgs/a421ac6595024edcfbb1ef950a3712b89161c359#kubectl",
      "source": "devbox-search",
      "version": "1.33.2",
      "systems": {
        "aarch64-darwin": {
          "outputs": [
            {
              "name": "out",
              "path": "/nix/store/l3716q45znc72mfa6fp47q9sn69hmcla-kubectl-1.33.2",
              "default": true
            },
            {
              "name": "man",
              "path": "/nix/store/366v9mv6zb1a4j3fa7bxbc21ka98k3dn-kubectl-1.33.2-man",
              "default": true
            },
            {
              "name": "convert",
              "path": "/nix/store/77xnk3izgn6j86wmxx26adcxf542rr9p-kubectl-1.33.2-convert"
            }
          ],
          "store_path": "/nix/store/l3716q45znc72mfa6fp47q9sn69hmcla-kubectl-1.33.2"
        },
        "aarch64-linux": {
          "outputs": [
            {
              "name": "out",
              "path": "/nix/store/4wfikcyl4c1j4a8r6s3a1aiz576dyvnz-kubectl-1.33.2",
              "default": true
            },
            {
              "name": "man",
              "path": "/nix/store/8hlxcrbmnfgalcbi7c5qcwqgs7576jjz-kubectl-1.33.2-man",
              "default": true
            },
            {
              "name": "convert",
              "path": "/nix/store/kz76zfr3fxsqx439w8qzw22pvk8ksnxs-kubectl-1.33.2-convert"
            }
          ],
          "store_path": "/nix/store/4wfikcyl4c1j4a8r6s3a1aiz576dyvnz-kubectl-1.33.2"
        },
        "x86_64-darwin": {
          "outputs": [
            {
              "name": "out",
              "path": "/nix/store/hcki0d8h5k17mpfgjcs2ib7bj0mp1y4j-kubectl-1.33.2",
              "default": true
            },
            {
              "name": "man",
              "path": "/nix/store/jmzqw99v1zw2hlkz3hl1np08sgs5qyj5-kubectl-1.33.2-man",
              "default": true
            },
            {
              "name": "convert",
              "path": "/nix/store/i39jaxg44akik942svgbbsz0fqwd2szb-kubectl-1.33.2-convert"
            }
          ],
          "store_path": "/nix/store/hcki0d8h5k17mpfgjcs2ib7bj0mp1y4j-kubectl-1.33.2"
        },
        "x86_64-linux": {
          "outputs": [
            {
              "name": "out",
              "path": "/nix/store/6qq4mnx220gb3iaggsgb90w9h9xlq1j8-kubectl-1.33.2",
              "default": true
            },
            {
              "name": "man",
              "path": "/nix/store/7fczlca4ccaqs2cy7rvdcrbs9rbm924r-kubectl-1.33.2-man",
              "default": true
            },
            {
              "name": "convert",
              "path": "/nix/store/qxl73ma1sg0i3d02mvcw536yad0ihj33-kubectl-1.33.2-convert"
            }
          ],
          "store_path": "/nix/store/6qq4mnx220gb3iaggsgb90w9h9xlq1j8-kubectl-1.33.2"
        }
      }
    },
    "openssl@3.5.1": {
      "last_modified": "2025-07-15T16:15:05Z",
      "resolved": "github:NixOS/nixpkgs/dab3a6e781554f965bde3def0aa2fda4eb8f1708#openssl",
      "source": "devbox-search",
      "version": "3.5.1",
      "systems": {
        "aarch64-darwin": {
          "outputs": [
            {
              "name": "bin",
              "path": "/nix/store/k22fhwmlcmxlaw7rxzm31qsphi54q85f-openssl-3.5.1-bin",
              "default": true
            },
            {
              "name": "man",
              "path": "/nix/store/kd487zjg998pqib2sfr2kngczi12mc95-openssl-3.5.1-man",
              "default": true
            },
            {
              "name": "dev",
              "path": "/nix/store/mcn0w4mcl6n1ksx3mqdg8fc30qsifxn7-openssl-3.5.1-dev"
            },
            {
              "name": "doc",
              "path": "/nix/store/22rl7728qyr81j68nrbplrgjpz72gxj5-openssl-3.5.1-doc"
            },
            {
              "name": "out",
              "path": "/nix/store/mp06h340r3ylv2kjlf259yiilf70s4jv-openssl-3.5.1"
            }
          ],
          "store_path": "/nix/store/k22fhwmlcmxlaw7rxzm31qsphi54q85f-openssl-3.5.1-bin"
        },
        "aarch64-linux": {
          "outputs": [
            {
              "name": "bin",
              "path": "/nix/store/rz6kxry2fc31m49fa2x5nj7mfszvvfb7-openssl-3.5.1-bin",
              "default": true
            },
            {
              "name": "man",
              "path": "/nix/store/8l36ax4d5s8qg1amc4k5dk1xrr9dv2ry-openssl-3.5.1-man",
              "default": true
            },
            {
              "name": "dev",
              "path": "/nix/store/5i2b3p7l3q2g12arpdjfknbng9l9wjif-openssl-3.5.1-dev"
            },
            {
              "name": "doc",
              "path": "/nix/store/lpxv5jwz8pfjdikf2iravd5jpaph79ar-openssl-3.5.1-doc"
            },
            {
              "name": "out",
              "path": "/nix/store/nxgc9iw2hpd4djf68qg4bpvxx1kjbm3y-openssl-3.5.1"
            },
            {
              "name": "debug",
              "path": "/nix/store/k23zsb22j81bnlhcfx732r30cnxkwnc1-openssl-3.5.1-debug"
            }
          ],
          "store_path": "/nix/store/rz6kxry2fc31m49fa2x5nj7mfszvvfb7-openssl-3.5.1-bin"
        },
        "x86_64-darwin": {
          "outputs": [
            {
              "name": "bin",
              "path": "/nix/store/2xgjz3agqfjvx0zqh0aanq1pnghqfjsp-openssl-3.5.1-bin",
              "default": true
            },
            {
              "name": "man",
              "path": "/nix/store/cm3762afqpzmk3s1a2nvdaqcyky5avyy-openssl-3.5.1-man",
              "default": true
            },
            {
              "name": "out",
              "path": "/nix/store/638jm6swlfnsl7liyy63krwsijclzsli-openssl-3.5.1"
            },
            {
              "name": "dev",
              "path": "/nix/store/66gas9mcxdchlnrg6ysgprr4awq4nkbw-openssl-3.5.1-dev"
            },
            {
              "name": "doc",
              "path": "/nix/store/9bsmrw171v549cj6jrm2dgn54qyyp9s9-openssl-3.5.1-doc"
            }
          ],
          "store_path": "/nix/store/2xgjz3agqfjvx0zqh0aanq1pnghqfjsp-openssl-3.5.1-bin"
        },
        "x86_64-linux": {
          "outputs": [
            {
              "name": "bin",
              "path": "/nix/store/x9h21yvdf2sz1wfa5g3ppd0g8c7jcga9-openssl-3.5.1-bin",
              "default": true
            },
            {
              "name": "man",
              "path": "/nix/store/x713vmzf9pqcskp600j69rdc0j338k3s-openssl-3.5.1-man",
              "default": true
            },
            {
              "name": "doc",
              "path": "/nix/store/xsyhll6inxy2nkp6gxamhifpr459ycwi-openssl-3.5.1-doc"
            },
            {
              "name": "out",
              "path": "/nix/store/wadq4gzybbvg5243d90l9x4mw3459r3a-openssl-3.5.1"
            },
            {
              "name": "debug",
              "path": "/nix/store/ccp1lgds4yzv2f8smsdcphyd2ffn3946-openssl-3.5.1-debug"
            },
            {
              "name": "dev",
              "path": "/nix/store/jyi9ix8mpg6zb22d14ibsxblyz7qm9lw-openssl-3.5.1-dev"
            }
          ],
          "store_path": "/nix/store/x9h21yvdf2sz1wfa5g3ppd0g8c7jcga9-openssl-3.5.1-bin"
        }
      }
    },
    "postgresql@17.5": {
      "last_modified": "2025-07-18T12:29:53Z",
      "plugin_version": "0.0.2",
      "resolved": "github:NixOS/nixpkgs/8131c0ea9df6293a247be743a387ff725e464db7#postgresql",
      "source": "devbox-search",
      "version": "17.5",
      "systems": {
        "aarch64-darwin": {
          "outputs": [
            {
              "name": "out",
              "path": "/nix/store/phx7lp6ay4c433r55m6yi4bhhcpr13nj-postgresql-17.5",
              "default": true
            },
            {
              "name": "man",
              "path": "/nix/store/6ykfarwy7d2q7x8g90y0jak3p3hpxyf1-postgresql-17.5-man",
              "default": true
            },
            {
              "name": "pltcl",
              "path": "/nix/store/c8k6g17w17li210qax7ph6rhkf7p7q2y-postgresql-17.5-pltcl"
            },
            {
              "name": "doc",
              "path": "/nix/store/myziqq9yii47ayblvjxxy9ghyapz2911-postgresql-17.5-doc"
            },
            {
              "name": "jit",
              "path": "/nix/store/kk9sc96xl3mxqvjh6kb37ryc3395070c-postgresql-17.5-jit"
            },
            {
              "name": "plperl",
              "path": "/nix/store/z22xj26cpkp2gjk0z4nck2dj9qw34j30-postgresql-17.5-plperl"
            },
            {
              "name": "plpython3",
              "path": "/nix/store/0k0y9bph0xc2r31iin9cl41pmm1x4s2h-postgresql-17.5-plpython3"
            },
            {
              "name": "lib",
              "path": "/nix/store/99r8cq9f6kjrlfc6pddaqgw5db9v2fj3-postgresql-17.5-lib"
            },
            {
              "name": "dev",
              "path": "/nix/store/iwv2dyc6786cy5xrf9274kjf9y7nqkmm-postgresql-17.5-dev"
            }
          ],
          "store_path": "/nix/store/phx7lp6ay4c433r55m6yi4bhhcpr13nj-postgresql-17.5"
        },
        "aarch64-linux": {
          "outputs": [
            {
              "name": "out",
              "path": "/nix/store/gk2xcf1j93m9h9zgmb33sni87gyw5bxs-postgresql-17.5",
              "default": true
            },
            {
              "name": "man",
              "path": "/nix/store/64kw0cllic21bigm5qa7lxyb2zaj8q2j-postgresql-17.5-man",
              "default": true
            },
            {
              "name": "jit",
              "path": "/nix/store/nn9d0y0xvnp6r9yph63hrjd4mqb0gscc-postgresql-17.5-jit"
            },
            {
              "name": "dev",
              "path": "/nix/store/f8blr21mdkci3pry2gsl08w5azc51r06-postgresql-17.5-dev"
            },
            {
              "name": "lib",
              "path": "/nix/store/pq4a10dpymbmphfkx198gmh2m68xs5vs-postgresql-17.5-lib"
            },
            {
              "name": "plpython3",
              "path": "/nix/store/2hpm4s8w8fvr1assr3p0rh1452i6wsbx-postgresql-17.5-plpython3"
            },
            {
              "name": "doc",
              "path": "/nix/store/jgn2a8k82a7p05yb3pm1a6x6imvv5dia-postgresql-17.5-doc"
            },
            {
              "name": "plperl",
              "path": "/nix/store/nr82j6v1yd1ax47yinmd0mz2zrjr3d5g-postgresql-17.5-plperl"
            },
            {
              "name": "debug",
              "path": "/nix/store/5vlg2fi69yyvm7k64g1m21212jssz4am-postgresql-17.5-debug"
            },
            {
              "name": "pltcl",
              "path": "/nix/store/2rx5z7qv0ghhll83r27rdjvkyav6xwfc-postgresql-17.5-pltcl"
            }
          ],
          "store_path": "/nix/store/gk2xcf1j93m9h9zgmb33sni87gyw5bxs-postgresql-17.5"
        },
        "x86_64-darwin": {
          "outputs": [
            {
              "name": "out",
              "path": "/nix/store/shgk6yzqfssqaklnjwj9wkq44mal48gc-postgresql-17.5",
              "default": true
            },
            {
              "name": "man",
              "path": "/nix/store/dmhxi57swl9h94ysk9qw2a3xzs7l9d1n-postgresql-17.5-man",
              "default": true
            },
            {
              "name": "pltcl",
              "path": "/nix/store/xbcvpym1liim9ps0glgg0z1q8w2jks7r-postgresql-17.5-pltcl"
            },
            {
              "name": "dev",
              "path": "/nix/store/bbih6a245758jly7a3xxvx5b7fl8yr7p-postgresql-17.5-dev"
            },
            {
              "name": "plperl",
              "path": "/nix/store/1j94wd7l024ycwygv0f4cq5wl2ib8qa6-postgresql-17.5-plperl"
            },
            {
              "name": "jit",
              "path": "/nix/store/zrqgmdi38ilz50p6r02ngzdpayl83qbm-postgresql-17.5-jit"
            },
            {
              "name": "plpython3",
              "path": "/nix/store/04i62w2154w03grzprn3ayknng0gnkrm-postgresql-17.5-plpython3"
            },
            {
              "name": "doc",
              "path": "/nix/store/hd3mga73kh6f8paqdjmrzp17mim4ycr0-postgresql-17.5-doc"
            },
            {
              "name": "lib",
              "path": "/nix/store/5g6p91hv753j8dbhz96i5lxzx062rb77-postgresql-17.5-lib"
            }
          ],
          "store_path": "/nix/store/shgk6yzqfssqaklnjwj9wkq44mal48gc-postgresql-17.5"
        },
        "x86_64-linux": {
          "outputs": [
            {
              "name": "out",
              "path": "/nix/store/18h1iq143asmls8xbnx9iy0fwvq4jdcw-postgresql-17.5",
              "default": true
            },
            {
              "name": "man",
              "path": "/nix/store/15sqf4g17as61whwvwqcylx4sva9gsw3-postgresql-17.5-man",
              "default": true
            },
            {
              "name": "dev",
              "path": "/nix/store/875w7hbh6d3l668varr330ghgmjn1fm5-postgresql-17.5-dev"
            },
            {
              "name": "jit",
              "path": "/nix/store/phpwm9clfzndmr0jmgx8sp2m82swvd27-postgresql-17.5-jit"
            },
            {
              "name": "lib",
              "path": "/nix/store/6dmi25vmv511v7i3xh4kiz945pyaa8vw-postgresql-17.5-lib"
            },
            {
              "name": "plpython3",
              "path": "/nix/store/4cqm44654wa91mkg584vpkkbs87rd5qz-postgresql-17.5-plpython3"
            },
            {
              "name": "pltcl",
              "path": "/nix/store/r0k99x9mhydk55jmiq10am8w3gjbpy65-postgresql-17.5-pltcl"
            },
            {
              "name": "plperl",
              "path": "/nix/store/9x4k6z45mfdn6h27wmyd2zzdciq5mm4v-postgresql-17.5-plperl"
            },
            {
              "name": "debug",
              "path": "/nix/store/c9icyqz1ygn49wn18y5rd3bddxa3yn7m-postgresql-17.5-debug"
            },
            {
              "name": "doc",
              "path": "/nix/store/5y7dalpz0gk2b10pzsykfjhn6yxcmrzj-postgresql-17.5-doc"
            }
          ],
          "store_path": "/nix/store/18h1iq143asmls8xbnx9iy0fwvq4jdcw-postgresql-17.5"
        }
      }
    },
    "python313Packages.bash-kernel@0.10.0": {
      "last_modified": "2025-05-24T21:46:02Z",
      "resolved": "github:NixOS/nixpkgs/edb3633f9100d9277d1c9af245a4e9337a980c07#python313Packages.bash-kernel",
      "source": "devbox-search",
      "version": "0.10.0",
      "systems": {
        "aarch64-darwin": {
          "outputs": [
            {
              "name": "out",
              "path": "/nix/store/wrm9psfxy0ms0mif5843j7dp1j68kqyy-python3.13-bash-kernel-0.10.0",
              "default": true
            },
            {
              "name": "dist",
              "path": "/nix/store/ascs3xj4say1ra53wfdcqnss3xyqfr39-python3.13-bash-kernel-0.10.0-dist"
            }
          ],
          "store_path": "/nix/store/wrm9psfxy0ms0mif5843j7dp1j68kqyy-python3.13-bash-kernel-0.10.0"
        },
        "aarch64-linux": {
          "outputs": [
            {
              "name": "out",
              "path": "/nix/store/wvvki5gs01i8in85y76zbxxam4yk7zzi-python3.13-bash-kernel-0.10.0",
              "default": true
            },
            {
              "name": "dist",
              "path": "/nix/store/qpk7pn50wjaxf5jwj8xqhjbzyrap6wjj-python3.13-bash-kernel-0.10.0-dist"
            }
          ],
          "store_path": "/nix/store/wvvki5gs01i8in85y76zbxxam4yk7zzi-python3.13-bash-kernel-0.10.0"
        },
        "x86_64-darwin": {
          "outputs": [
            {
              "name": "out",
              "path": "/nix/store/3s3wsadz5lh73kmfib93gc9pmkqvpj3d-python3.13-bash-kernel-0.10.0",
              "default": true
            },
            {
              "name": "dist",
              "path": "/nix/store/2dwa57sx3g609iq7sl1zlmrsh2rp2l0g-python3.13-bash-kernel-0.10.0-dist"
            }
          ],
          "store_path": "/nix/store/3s3wsadz5lh73kmfib93gc9pmkqvpj3d-python3.13-bash-kernel-0.10.0"
        },
        "x86_64-linux": {
          "outputs": [
            {
              "name": "out",
              "path": "/nix/store/qdbs37vs1dybk8pkm1rglpdxfcmcjpdg-python3.13-bash-kernel-0.10.0",
              "default": true
            },
            {
              "name": "dist",
              "path": "/nix/store/4qjfcss5dd7hlgmnjlvysvd9pkfj67sq-python3.13-bash-kernel-0.10.0-dist"
            }
          ],
          "store_path": "/nix/store/qdbs37vs1dybk8pkm1rglpdxfcmcjpdg-python3.13-bash-kernel-0.10.0"
        }
      }
    },
    "python313Packages.jupyterlab@4.4.3": {
      "last_modified": "2025-07-13T22:45:35Z",
      "resolved": "github:NixOS/nixpkgs/a421ac6595024edcfbb1ef950a3712b89161c359#python313Packages.jupyterlab",
      "source": "devbox-search",
      "version": "4.4.3",
      "systems": {
        "aarch64-darwin": {
          "outputs": [
            {
              "name": "out",
              "path": "/nix/store/5wv2wfhqys7da4imyfnq8s5h0qrxxbv6-python3.13-jupyterlab-4.4.3",
              "default": true
            },
            {
              "name": "dist",
              "path": "/nix/store/3hp9r9j8vxs11mjpbb9my66ih4mjjfyv-python3.13-jupyterlab-4.4.3-dist"
            }
          ],
          "store_path": "/nix/store/5wv2wfhqys7da4imyfnq8s5h0qrxxbv6-python3.13-jupyterlab-4.4.3"
        },
        "aarch64-linux": {
          "outputs": [
            {
              "name": "out",
              "path": "/nix/store/8mfgpzz1qq99c7wxydwlyblzx5f9jy0q-python3.13-jupyterlab-4.4.3",
              "default": true
            },
            {
              "name": "dist",
              "path": "/nix/store/fcbl8n2sm2vd2bfkz3vwmp8ykxdhgsfq-python3.13-jupyterlab-4.4.3-dist"
            }
          ],
          "store_path": "/nix/store/8mfgpzz1qq99c7wxydwlyblzx5f9jy0q-python3.13-jupyterlab-4.4.3"
        },
        "x86_64-darwin": {
          "outputs": [
            {
              "name": "out",
              "path": "/nix/store/yvnl7hkymgbqmaijnnpzdf4inqczixgk-python3.13-jupyterlab-4.4.3",
              "default": true
            },
            {
              "name": "dist",
              "path": "/nix/store/hcsnqh6n664qi6wrvxwa7xxb9jq5d816-python3.13-jupyterlab-4.4.3-dist"
            }
          ],
          "store_path": "/nix/store/yvnl7hkymgbqmaijnnpzdf4inqczixgk-python3.13-jupyterlab-4.4.3"
        },
        "x86_64-linux": {
          "outputs": [
            {
              "name": "out",
              "path": "/nix/store/ciq47mlxk0dd3fcwy9rqdmawb2kplnkv-python3.13-jupyterlab-4.4.3",
              "default": true
            },
            {
              "name": "dist",
              "path": "/nix/store/nidmsmvpl1hp12fhjs0als5p51f542lg-python3.13-jupyterlab-4.4.3-dist"
            }
          ],
          "store_path": "/nix/store/ciq47mlxk0dd3fcwy9rqdmawb2kplnkv-python3.13-jupyterlab-4.4.3"
        }
      }
    },
    "python@3.13.3": {
      "last_modified": "2025-05-16T20:19:48Z",
      "plugin_version": "0.0.4",
      "resolved": "github:NixOS/nixpkgs/12a55407652e04dcf2309436eb06fef0d3713ef3#python313",
      "source": "devbox-search",
      "version": "3.13.3",
      "systems": {
        "aarch64-darwin": {
          "outputs": [
            {
              "name": "out",
              "path": "/nix/store/1a8xg8l3m67hxinxzzcsak9736qm9vsf-python3-3.13.3",
              "default": true
            }
          ],
          "store_path": "/nix/store/1a8xg8l3m67hxinxzzcsak9736qm9vsf-python3-3.13.3"
        },
        "aarch64-linux": {
          "outputs": [
            {
              "name": "out",
              "path": "/nix/store/yy0xvc2rydhrs0h1v8d7r3sql347xzz5-python3-3.13.3",
              "default": true
            },
            {
              "name": "debug",
              "path": "/nix/store/42bxfqfrh8cwspl7szr0cw8739xv8qlq-python3-3.13.3-debug"
            }
          ],
          "store_path": "/nix/store/yy0xvc2rydhrs0h1v8d7r3sql347xzz5-python3-3.13.3"
        },
        "x86_64-darwin": {
          "outputs": [
            {
              "name": "out",
              "path": "/nix/store/gbrigjhghz9v2p0zf9b2fnvs0g0yx7q4-python3-3.13.3",
              "default": true
            }
          ],
          "store_path": "/nix/store/gbrigjhghz9v2p0zf9b2fnvs0g0yx7q4-python3-3.13.3"
        },
        "x86_64-linux": {
          "outputs": [
            {
              "name": "out",
              "path": "/nix/store/2mab9iiwhcqwk75qwvp3zv0bvbiaq6cs-python3-3.13.3",
              "default": true
            },
            {
              "name": "debug",
              "path": "/nix/store/9z6k8ijl2md0y2n95yprbjj4vxbfsi15-python3-3.13.3-debug"
            }
          ],
          "store_path": "/nix/store/2mab9iiwhcqwk75qwvp3zv0bvbiaq6cs-python3-3.13.3"
        }
      }
    },
    "terraform@1.12.2": {
      "last_modified": "2025-06-12T07:29:08Z",
      "resolved": "github:NixOS/nixpkgs/d202f48f1249f013aa2660c6733e251c85712cbe#terraform",
      "source": "devbox-search",
      "version": "1.12.2",
      "systems": {
        "aarch64-darwin": {
          "outputs": [
            {
              "name": "out",
              "path": "/nix/store/d8bjicybf92vxcapviilv5b623j0zqwk-terraform-1.12.2",
              "default": true
            }
          ],
          "store_path": "/nix/store/d8bjicybf92vxcapviilv5b623j0zqwk-terraform-1.12.2"
        },
        "aarch64-linux": {
          "outputs": [
            {
              "name": "out",
              "path": "/nix/store/gijy95xda5c5wf094dwayb6kgd40fjwm-terraform-1.12.2",
              "default": true
            }
          ],
          "store_path": "/nix/store/gijy95xda5c5wf094dwayb6kgd40fjwm-terraform-1.12.2"
        },
        "x86_64-darwin": {
          "outputs": [
            {
              "name": "out",
              "path": "/nix/store/71hw4gz9h0vqyjj6qhddplcmmyd5vsin-terraform-1.12.2",
              "default": true
            }
          ],
          "store_path": "/nix/store/71hw4gz9h0vqyjj6qhddplcmmyd5vsin-terraform-1.12.2"
        },
        "x86_64-linux": {
          "outputs": [
            {
              "name": "out",
              "path": "/nix/store/1x2z0np2liayk7wiiyzsb56kqb8wjk5v-terraform-1.12.2",
              "default": true
            }
          ],
          "store_path": "/nix/store/1x2z0np2liayk7wiiyzsb56kqb8wjk5v-terraform-1.12.2"
        }
      }
    },
    "vault-bin@1.20.0": {
      "last_modified": "2025-07-13T22:45:35Z",
      "resolved": "github:NixOS/nixpkgs/a421ac6595024edcfbb1ef950a3712b89161c359#vault-bin",
      "source": "devbox-search",
      "version": "1.20.0",
      "systems": {
        "aarch64-darwin": {
          "outputs": [
            {
              "name": "out",
              "path": "/nix/store/hds278pb7hfs1i7hn8mlv7f6jjjkgsqp-vault-bin-1.20.0",
              "default": true
            }
          ],
          "store_path": "/nix/store/hds278pb7hfs1i7hn8mlv7f6jjjkgsqp-vault-bin-1.20.0"
        },
        "aarch64-linux": {
          "outputs": [
            {
              "name": "out",
              "path": "/nix/store/b5x6ah6dx1xm1d7zn7fajsl3i98bgy2l-vault-bin-1.20.0",
              "default": true
            }
          ],
          "store_path": "/nix/store/b5x6ah6dx1xm1d7zn7fajsl3i98bgy2l-vault-bin-1.20.0"
        },
        "x86_64-darwin": {
          "outputs": [
            {
              "name": "out",
              "path": "/nix/store/01amym5w97m277rn5pxxxd4izsh791wr-vault-bin-1.20.0",
              "default": true
            }
          ],
          "store_path": "/nix/store/01amym5w97m277rn5pxxxd4izsh791wr-vault-bin-1.20.0"
        },
        "x86_64-linux": {
          "outputs": [
            {
              "name": "out",
              "path": "/nix/store/2ll2jkskjc8y3103y0c4bzflg5qfyd23-vault-bin-1.20.0",
              "default": true
            }
          ],
          "store_path": "/nix/store/2ll2jkskjc8y3103y0c4bzflg5qfyd23-vault-bin-1.20.0"
        }
      }
    },
    "yq-go@4.46.1": {
      "last_modified": "2025-07-13T22:45:35Z",
      "resolved": "github:NixOS/nixpkgs/a421ac6595024edcfbb1ef950a3712b89161c359#yq-go",
      "source": "devbox-search",
      "version": "4.46.1",
      "systems": {
        "aarch64-darwin": {
          "outputs": [
            {
              "name": "out",
              "path": "/nix/store/gz488m2g6gms9bk01ywd0iiljrpphwgr-yq-go-4.46.1",
              "default": true
            }
          ],
          "store_path": "/nix/store/gz488m2g6gms9bk01ywd0iiljrpphwgr-yq-go-4.46.1"
        },
        "aarch64-linux": {
          "outputs": [
            {
              "name": "out",
              "path": "/nix/store/q61gs0c1fvfy0mg835p7ir2yl2ax6hcn-yq-go-4.46.1",
              "default": true
            }
          ],
          "store_path": "/nix/store/q61gs0c1fvfy0mg835p7ir2yl2ax6hcn-yq-go-4.46.1"
        },
        "x86_64-darwin": {
          "outputs": [
            {
              "name": "out",
              "path": "/nix/store/pqdpi8wsf90yn59y7j75gim5sfwjhxzv-yq-go-4.46.1",
              "default": true
            }
          ],
          "store_path": "/nix/store/pqdpi8wsf90yn59y7j75gim5sfwjhxzv-yq-go-4.46.1"
        },
        "x86_64-linux": {
          "outputs": [
            {
              "name": "out",
              "path": "/nix/store/7rhp25vwf2298c83sbirnq2qhyjvxwa6-yq-go-4.46.1",
              "default": true
            }
          ],
          "store_path": "/nix/store/7rhp25vwf2298c83sbirnq2qhyjvxwa6-yq-go-4.46.1"
        }
      }
    }
  }
}
