{
  "lockfile_version": "1",
  "packages": {
    "docker-client@28.2.2": {
      "last_modified": "2025-06-17T01:11:27Z",
      "resolved": "github:NixOS/nixpkgs/c539ae8d21e49776966d714f82fba33b1fca78bc#docker-client",
      "source": "devbox-search",
      "version": "28.2.2",
      "systems": {
        "aarch64-darwin": {
          "outputs": [
            {
              "name": "out",
              "path": "/nix/store/40k2pv7vyym8srmircjjhz4bcjdg1wp7-docker-28.2.2",
              "default": true
            }
          ],
          "store_path": "/nix/store/40k2pv7vyym8srmircjjhz4bcjdg1wp7-docker-28.2.2"
        },
        "aarch64-linux": {
          "outputs": [
            {
              "name": "out",
              "path": "/nix/store/06nrhlfv55bfi5w6mr5rvicmvq6r6zm9-docker-28.2.2",
              "default": true
            }
          ],
          "store_path": "/nix/store/06nrhlfv55bfi5w6mr5rvicmvq6r6zm9-docker-28.2.2"
        },
        "x86_64-darwin": {
          "outputs": [
            {
              "name": "out",
              "path": "/nix/store/yxnykcpppiln81k5q6zvs59mcgv42hxi-docker-28.2.2",
              "default": true
            }
          ],
          "store_path": "/nix/store/yxnykcpppiln81k5q6zvs59mcgv42hxi-docker-28.2.2"
        },
        "x86_64-linux": {
          "outputs": [
            {
              "name": "out",
              "path": "/nix/store/xvsx0d6sq594c9qkdcb5dnl36j54l8z3-docker-28.2.2",
              "default": true
            }
          ],
          "store_path": "/nix/store/xvsx0d6sq594c9qkdcb5dnl36j54l8z3-docker-28.2.2"
        }
      }
    },
    "github:NixOS/nixpkgs/nixpkgs-unstable": {
      "last_modified": "2025-05-20T08:00:33Z",
      "resolved": "github:NixOS/nixpkgs/2f9173bde1d3fbf1ad26ff6d52f952f9e9da52ea?lastModified=1747728033&narHash=sha256-NnXFQu7g4LnvPIPfJmBuZF7LFy%2Ffey2g2%2BLCzjQhTUk%3D"
    },
    "jq@1.7": {
      "last_modified": "2025-05-29T08:12:58Z",
      "resolved": "github:NixOS/nixpkgs/3866ad91cfc172f08a6839def503d8fc2923c603#jq",
      "source": "devbox-search",
      "version": "1.7.1",
      "systems": {
        "aarch64-darwin": {
          "outputs": [
            {
              "name": "bin",
              "path": "/nix/store/5v1yqacl2lhgbrzgvbmnxbxah9pdyp2s-jq-1.7.1-bin",
              "default": true
            },
            {
              "name": "man",
              "path": "/nix/store/6zfpzcwd7m5pkf1bd3sdasjv0rxsxvjg-jq-1.7.1-man",
              "default": true
            },
            {
              "name": "dev",
              "path": "/nix/store/12zb2s8cmrbgi53sn09i8vkqr6i462h4-jq-1.7.1-dev"
            },
            {
              "name": "doc",
              "path": "/nix/store/awa9kq3h05l0bpc3gn1gzq4r9rspphsb-jq-1.7.1-doc"
            },
            {
              "name": "out",
              "path": "/nix/store/2vawjsrd9bmavbm7rvsjbnjaf4hbd1bs-jq-1.7.1"
            }
          ],
          "store_path": "/nix/store/5v1yqacl2lhgbrzgvbmnxbxah9pdyp2s-jq-1.7.1-bin"
        },
        "aarch64-linux": {
          "outputs": [
            {
              "name": "bin",
              "path": "/nix/store/j6q3c3rzxhv3rz9y821qylgafi3jbsl8-jq-1.7.1-bin",
              "default": true
            },
            {
              "name": "man",
              "path": "/nix/store/2n2vs2cb0slcj5a4i0l7pyv4fip8s6m9-jq-1.7.1-man",
              "default": true
            },
            {
              "name": "doc",
              "path": "/nix/store/c52b1v91c7pwxb58z79v2aa1x8bx8dpx-jq-1.7.1-doc"
            },
            {
              "name": "out",
              "path": "/nix/store/i06c1lzmf07gg33mjmfp0564inxplfq5-jq-1.7.1"
            },
            {
              "name": "dev",
              "path": "/nix/store/w7n2qywnma4af1m9xqz8y67rq0jn6an2-jq-1.7.1-dev"
            }
          ],
          "store_path": "/nix/store/j6q3c3rzxhv3rz9y821qylgafi3jbsl8-jq-1.7.1-bin"
        },
        "x86_64-darwin": {
          "outputs": [
            {
              "name": "bin",
              "path": "/nix/store/if69q6bw49y67lv9f4bf78cgpf7xrnrb-jq-1.7.1-bin",
              "default": true
            },
            {
              "name": "man",
              "path": "/nix/store/0rsic796c75zmdaa3qw74676dgcibwan-jq-1.7.1-man",
              "default": true
            },
            {
              "name": "doc",
              "path": "/nix/store/dvap16zqbcxmil71f6ivbpzx49z7brzx-jq-1.7.1-doc"
            },
            {
              "name": "out",
              "path": "/nix/store/0gw2kw6zkvzg7zlqy4rrgdxjk13yg0z4-jq-1.7.1"
            },
            {
              "name": "dev",
              "path": "/nix/store/38vgg0iqwmhh8shn12ys3wqxv24gkq5n-jq-1.7.1-dev"
            }
          ],
          "store_path": "/nix/store/if69q6bw49y67lv9f4bf78cgpf7xrnrb-jq-1.7.1-bin"
        },
        "x86_64-linux": {
          "outputs": [
            {
              "name": "bin",
              "path": "/nix/store/n9ch6ggimi6ri5vx62mqmzgrrkb3qfwg-jq-1.7.1-bin",
              "default": true
            },
            {
              "name": "man",
              "path": "/nix/store/2dmx0pgvxjmqywg25rva6cgkz94icnw7-jq-1.7.1-man",
              "default": true
            },
            {
              "name": "dev",
              "path": "/nix/store/yika3khvh871bvk5sgpcxfdbqznyi3w0-jq-1.7.1-dev"
            },
            {
              "name": "doc",
              "path": "/nix/store/97zv95jlfnw4v3k0lyxmkmkqqjhx7np9-jq-1.7.1-doc"
            },
            {
              "name": "out",
              "path": "/nix/store/sdqzcyfy52y0vf10nfsxy3mhv9b2vmkv-jq-1.7.1"
            }
          ],
          "store_path": "/nix/store/n9ch6ggimi6ri5vx62mqmzgrrkb3qfwg-jq-1.7.1-bin"
        }
      }
    },
    "kind@0.29.0": {
      "last_modified": "2025-06-12T07:29:08Z",
      "resolved": "github:NixOS/nixpkgs/d202f48f1249f013aa2660c6733e251c85712cbe#kind",
      "source": "devbox-search",
      "version": "0.29.0",
      "systems": {
        "aarch64-darwin": {
          "outputs": [
            {
              "name": "out",
              "path": "/nix/store/81jc2zsdv4zhdniyyggpxm56lpl88cxb-kind-0.29.0",
              "default": true
            }
          ],
          "store_path": "/nix/store/81jc2zsdv4zhdniyyggpxm56lpl88cxb-kind-0.29.0"
        },
        "aarch64-linux": {
          "outputs": [
            {
              "name": "out",
              "path": "/nix/store/dwzvvmcignd20dg6kgizzn71vkj9la91-kind-0.29.0",
              "default": true
            }
          ],
          "store_path": "/nix/store/dwzvvmcignd20dg6kgizzn71vkj9la91-kind-0.29.0"
        },
        "x86_64-darwin": {
          "outputs": [
            {
              "name": "out",
              "path": "/nix/store/shydfb0h27gbdrmwhjbfg354xc22vxg2-kind-0.29.0",
              "default": true
            }
          ],
          "store_path": "/nix/store/shydfb0h27gbdrmwhjbfg354xc22vxg2-kind-0.29.0"
        },
        "x86_64-linux": {
          "outputs": [
            {
              "name": "out",
              "path": "/nix/store/52vfnn1wcqn3d5jzrqvcd6yzp3i1gw2m-kind-0.29.0",
              "default": true
            }
          ],
          "store_path": "/nix/store/52vfnn1wcqn3d5jzrqvcd6yzp3i1gw2m-kind-0.29.0"
        }
      }
    },
    "kubectl@1.33.1": {
      "last_modified": "2025-05-24T21:46:02Z",
      "resolved": "github:NixOS/nixpkgs/edb3633f9100d9277d1c9af245a4e9337a980c07#kubectl",
      "source": "devbox-search",
      "version": "1.33.1",
      "systems": {
        "aarch64-darwin": {
          "outputs": [
            {
              "name": "out",
              "path": "/nix/store/vcq5gsn9rp26xbz14b5b2fd8map8qnvj-kubectl-1.33.1",
              "default": true
            },
            {
              "name": "man",
              "path": "/nix/store/20v8bx884m4i34zdkksdq5qpkm966m65-kubectl-1.33.1-man",
              "default": true
            },
            {
              "name": "convert",
              "path": "/nix/store/cjm9i86w7is18g3cpsgfc0c3jmsnp0s8-kubectl-1.33.1-convert"
            }
          ],
          "store_path": "/nix/store/vcq5gsn9rp26xbz14b5b2fd8map8qnvj-kubectl-1.33.1"
        },
        "aarch64-linux": {
          "outputs": [
            {
              "name": "out",
              "path": "/nix/store/m8406nxn25y7a80jxq6mdk70p1xl8xrc-kubectl-1.33.1",
              "default": true
            },
            {
              "name": "man",
              "path": "/nix/store/gy8hdpwiqcy35zp0a9imbv4fqqy3cwn8-kubectl-1.33.1-man",
              "default": true
            },
            {
              "name": "convert",
              "path": "/nix/store/kh7b55lvpwfrdfbq3qrzcj9qjanfqn7c-kubectl-1.33.1-convert"
            }
          ],
          "store_path": "/nix/store/m8406nxn25y7a80jxq6mdk70p1xl8xrc-kubectl-1.33.1"
        },
        "x86_64-darwin": {
          "outputs": [
            {
              "name": "out",
              "path": "/nix/store/g8r4y54jpdyrvnrbhqyg60sr1wpqx0ff-kubectl-1.33.1",
              "default": true
            },
            {
              "name": "man",
              "path": "/nix/store/0n7ik9w8sjrhanv7yb1ijhwyawx7xcz2-kubectl-1.33.1-man",
              "default": true
            },
            {
              "name": "convert",
              "path": "/nix/store/fdpw2205wf6qq7h271nzbhxdmx561vq0-kubectl-1.33.1-convert"
            }
          ],
          "store_path": "/nix/store/g8r4y54jpdyrvnrbhqyg60sr1wpqx0ff-kubectl-1.33.1"
        },
        "x86_64-linux": {
          "outputs": [
            {
              "name": "out",
              "path": "/nix/store/lrfm3r4z5iqyn5fqf085bdyp7b5ghhdr-kubectl-1.33.1",
              "default": true
            },
            {
              "name": "man",
              "path": "/nix/store/hhank6pxbzwzm6b6gphpc1rj2jjdpmmk-kubectl-1.33.1-man",
              "default": true
            },
            {
              "name": "convert",
              "path": "/nix/store/yqlm8fmchxsxzica482r16sfm8x84hck-kubectl-1.33.1-convert"
            }
          ],
          "store_path": "/nix/store/lrfm3r4z5iqyn5fqf085bdyp7b5ghhdr-kubectl-1.33.1"
        }
      }
    },
    "openssl@3.4.1": {
      "last_modified": "2025-05-29T08:12:58Z",
      "resolved": "github:NixOS/nixpkgs/3866ad91cfc172f08a6839def503d8fc2923c603#openssl",
      "source": "devbox-search",
      "version": "3.4.1",
      "systems": {
        "aarch64-darwin": {
          "outputs": [
            {
              "name": "bin",
              "path": "/nix/store/bx0b6gvphv01s2px3j1h1ajy036h8bgb-openssl-3.4.1-bin",
              "default": true
            },
            {
              "name": "man",
              "path": "/nix/store/pwwqlk8zacsz87xz0gbic7zvhvjid232-openssl-3.4.1-man",
              "default": true
            },
            {
              "name": "dev",
              "path": "/nix/store/kbs1gz7p2j7qd1lixqzkladkjdxs8nj7-openssl-3.4.1-dev"
            },
            {
              "name": "doc",
              "path": "/nix/store/sjmrjajggy3648nkn0ipz8axhj34qqn5-openssl-3.4.1-doc"
            },
            {
              "name": "out",
              "path": "/nix/store/z2js30ib9b11hhcy1zy6x4nzdg75bpxf-openssl-3.4.1"
            }
          ],
          "store_path": "/nix/store/bx0b6gvphv01s2px3j1h1ajy036h8bgb-openssl-3.4.1-bin"
        },
        "aarch64-linux": {
          "outputs": [
            {
              "name": "bin",
              "path": "/nix/store/x89xyla4b5vdl5i7a417vbnrbhnyv2a9-openssl-3.4.1-bin",
              "default": true
            },
            {
              "name": "man",
              "path": "/nix/store/qqrcl2hqav9wrqj887zvsf4ywck4d4pq-openssl-3.4.1-man",
              "default": true
            },
            {
              "name": "out",
              "path": "/nix/store/ffdmy5fhjr6m1gkb8mycyf3swakvygd1-openssl-3.4.1"
            },
            {
              "name": "debug",
              "path": "/nix/store/m9cm6npjkgc7yl008nlfdbqz1gnw1n3n-openssl-3.4.1-debug"
            },
            {
              "name": "dev",
              "path": "/nix/store/snmsdv923yl1biv1lfg1as31smff1j7s-openssl-3.4.1-dev"
            },
            {
              "name": "doc",
              "path": "/nix/store/ybjya4sv3m3cjm5s3v1gp527lcbavsc5-openssl-3.4.1-doc"
            }
          ],
          "store_path": "/nix/store/x89xyla4b5vdl5i7a417vbnrbhnyv2a9-openssl-3.4.1-bin"
        },
        "x86_64-darwin": {
          "outputs": [
            {
              "name": "bin",
              "path": "/nix/store/liqdyh2xc61v6g9lhhydijsd79p0ghgq-openssl-3.4.1-bin",
              "default": true
            },
            {
              "name": "man",
              "path": "/nix/store/6vyh0kmpyyaliqrxa01iw56x50c8jrf3-openssl-3.4.1-man",
              "default": true
            },
            {
              "name": "out",
              "path": "/nix/store/gf7l76id9931pnshsvvv8izg00hbgaxw-openssl-3.4.1"
            },
            {
              "name": "dev",
              "path": "/nix/store/58m9pn9yksg7xjl6kl7qmmp2dwj9gjg2-openssl-3.4.1-dev"
            },
            {
              "name": "doc",
              "path": "/nix/store/iskcy65i66j6x2b8q1y40x0qlmppnk48-openssl-3.4.1-doc"
            }
          ],
          "store_path": "/nix/store/liqdyh2xc61v6g9lhhydijsd79p0ghgq-openssl-3.4.1-bin"
        },
        "x86_64-linux": {
          "outputs": [
            {
              "name": "bin",
              "path": "/nix/store/rjzx8v679rwd6dsb6s08iy3j2rrax72s-openssl-3.4.1-bin",
              "default": true
            },
            {
              "name": "man",
              "path": "/nix/store/1l5b31cnswnbcdcac9rzs9xixnc2n9r5-openssl-3.4.1-man",
              "default": true
            },
            {
              "name": "debug",
              "path": "/nix/store/yk2g2gfcj2fy1ffyi1g91q7jmp4h8pxa-openssl-3.4.1-debug"
            },
            {
              "name": "dev",
              "path": "/nix/store/kcgqglb4iax0zh5jlrxmjdik93wlgsrq-openssl-3.4.1-dev"
            },
            {
              "name": "doc",
              "path": "/nix/store/9fz5qmj0z70cbzy7mapml0sbi8z6ap0a-openssl-3.4.1-doc"
            },
            {
              "name": "out",
              "path": "/nix/store/8pviily4fgsl02ijm65binz236717wfs-openssl-3.4.1"
            }
          ],
          "store_path": "/nix/store/rjzx8v679rwd6dsb6s08iy3j2rrax72s-openssl-3.4.1-bin"
        }
      }
    },
    "python313Packages.bash-kernel@0.10.0": {
      "last_modified": "2025-05-24T21:46:02Z",
      "resolved": "github:NixOS/nixpkgs/edb3633f9100d9277d1c9af245a4e9337a980c07#python313Packages.bash-kernel",
      "source": "devbox-search",
      "version": "0.10.0",
      "systems": {
        "aarch64-darwin": {
          "outputs": [
            {
              "name": "out",
              "path": "/nix/store/wrm9psfxy0ms0mif5843j7dp1j68kqyy-python3.13-bash-kernel-0.10.0",
              "default": true
            },
            {
              "name": "dist",
              "path": "/nix/store/ascs3xj4say1ra53wfdcqnss3xyqfr39-python3.13-bash-kernel-0.10.0-dist"
            }
          ],
          "store_path": "/nix/store/wrm9psfxy0ms0mif5843j7dp1j68kqyy-python3.13-bash-kernel-0.10.0"
        },
        "aarch64-linux": {
          "outputs": [
            {
              "name": "out",
              "path": "/nix/store/wvvki5gs01i8in85y76zbxxam4yk7zzi-python3.13-bash-kernel-0.10.0",
              "default": true
            },
            {
              "name": "dist",
              "path": "/nix/store/qpk7pn50wjaxf5jwj8xqhjbzyrap6wjj-python3.13-bash-kernel-0.10.0-dist"
            }
          ],
          "store_path": "/nix/store/wvvki5gs01i8in85y76zbxxam4yk7zzi-python3.13-bash-kernel-0.10.0"
        },
        "x86_64-darwin": {
          "outputs": [
            {
              "name": "out",
              "path": "/nix/store/3s3wsadz5lh73kmfib93gc9pmkqvpj3d-python3.13-bash-kernel-0.10.0",
              "default": true
            },
            {
              "name": "dist",
              "path": "/nix/store/2dwa57sx3g609iq7sl1zlmrsh2rp2l0g-python3.13-bash-kernel-0.10.0-dist"
            }
          ],
          "store_path": "/nix/store/3s3wsadz5lh73kmfib93gc9pmkqvpj3d-python3.13-bash-kernel-0.10.0"
        },
        "x86_64-linux": {
          "outputs": [
            {
              "name": "out",
              "path": "/nix/store/qdbs37vs1dybk8pkm1rglpdxfcmcjpdg-python3.13-bash-kernel-0.10.0",
              "default": true
            },
            {
              "name": "dist",
              "path": "/nix/store/4qjfcss5dd7hlgmnjlvysvd9pkfj67sq-python3.13-bash-kernel-0.10.0-dist"
            }
          ],
          "store_path": "/nix/store/qdbs37vs1dybk8pkm1rglpdxfcmcjpdg-python3.13-bash-kernel-0.10.0"
        }
      }
    },
    "python313Packages.jupyterlab@4.4.1": {
      "last_modified": "2025-05-16T20:19:48Z",
      "resolved": "github:NixOS/nixpkgs/12a55407652e04dcf2309436eb06fef0d3713ef3#python313Packages.jupyterlab",
      "source": "devbox-search",
      "version": "4.4.1",
      "systems": {
        "aarch64-darwin": {
          "outputs": [
            {
              "name": "out",
              "path": "/nix/store/0ai173bbdyxxxi2wkczpfp0d4dav3f5g-python3.13-jupyterlab-4.4.1",
              "default": true
            },
            {
              "name": "dist",
              "path": "/nix/store/fs2rjw5nl88xhh3z0s5rkm9vjxwqavm3-python3.13-jupyterlab-4.4.1-dist"
            }
          ],
          "store_path": "/nix/store/0ai173bbdyxxxi2wkczpfp0d4dav3f5g-python3.13-jupyterlab-4.4.1"
        },
        "aarch64-linux": {
          "outputs": [
            {
              "name": "out",
              "path": "/nix/store/fwzk27g2dfm8v7qj1w1shx482j6qgqkb-python3.13-jupyterlab-4.4.1",
              "default": true
            },
            {
              "name": "dist",
              "path": "/nix/store/bwv68j6ls98012i2b0r1js5ywiykcx0m-python3.13-jupyterlab-4.4.1-dist"
            }
          ],
          "store_path": "/nix/store/fwzk27g2dfm8v7qj1w1shx482j6qgqkb-python3.13-jupyterlab-4.4.1"
        },
        "x86_64-darwin": {
          "outputs": [
            {
              "name": "out",
              "path": "/nix/store/di56c6a10jj9kp5ic8h8bnfl65lzc3y8-python3.13-jupyterlab-4.4.1",
              "default": true
            },
            {
              "name": "dist",
              "path": "/nix/store/xfjslp11nfsy1vb3ya346p263rdk3l2j-python3.13-jupyterlab-4.4.1-dist"
            }
          ],
          "store_path": "/nix/store/di56c6a10jj9kp5ic8h8bnfl65lzc3y8-python3.13-jupyterlab-4.4.1"
        },
        "x86_64-linux": {
          "outputs": [
            {
              "name": "out",
              "path": "/nix/store/2r4hncgs48xjlfsmffrza0c0jidi5jqi-python3.13-jupyterlab-4.4.1",
              "default": true
            },
            {
              "name": "dist",
              "path": "/nix/store/5asmikz2jl5pr943mlj8jyns32da3haj-python3.13-jupyterlab-4.4.1-dist"
            }
          ],
          "store_path": "/nix/store/2r4hncgs48xjlfsmffrza0c0jidi5jqi-python3.13-jupyterlab-4.4.1"
        }
      }
    },
    "python@3.13.3": {
      "last_modified": "2025-05-16T20:19:48Z",
      "plugin_version": "0.0.4",
      "resolved": "github:NixOS/nixpkgs/12a55407652e04dcf2309436eb06fef0d3713ef3#python313",
      "source": "devbox-search",
      "version": "3.13.3",
      "systems": {
        "aarch64-darwin": {
          "outputs": [
            {
              "name": "out",
              "path": "/nix/store/1a8xg8l3m67hxinxzzcsak9736qm9vsf-python3-3.13.3",
              "default": true
            }
          ],
          "store_path": "/nix/store/1a8xg8l3m67hxinxzzcsak9736qm9vsf-python3-3.13.3"
        },
        "aarch64-linux": {
          "outputs": [
            {
              "name": "out",
              "path": "/nix/store/yy0xvc2rydhrs0h1v8d7r3sql347xzz5-python3-3.13.3",
              "default": true
            },
            {
              "name": "debug",
              "path": "/nix/store/42bxfqfrh8cwspl7szr0cw8739xv8qlq-python3-3.13.3-debug"
            }
          ],
          "store_path": "/nix/store/yy0xvc2rydhrs0h1v8d7r3sql347xzz5-python3-3.13.3"
        },
        "x86_64-darwin": {
          "outputs": [
            {
              "name": "out",
              "path": "/nix/store/gbrigjhghz9v2p0zf9b2fnvs0g0yx7q4-python3-3.13.3",
              "default": true
            }
          ],
          "store_path": "/nix/store/gbrigjhghz9v2p0zf9b2fnvs0g0yx7q4-python3-3.13.3"
        },
        "x86_64-linux": {
          "outputs": [
            {
              "name": "out",
              "path": "/nix/store/2mab9iiwhcqwk75qwvp3zv0bvbiaq6cs-python3-3.13.3",
              "default": true
            },
            {
              "name": "debug",
              "path": "/nix/store/9z6k8ijl2md0y2n95yprbjj4vxbfsi15-python3-3.13.3-debug"
            }
          ],
          "store_path": "/nix/store/2mab9iiwhcqwk75qwvp3zv0bvbiaq6cs-python3-3.13.3"
        }
      }
    },
    "terraform@1.12.2": {
      "last_modified": "2025-06-12T07:29:08Z",
      "resolved": "github:NixOS/nixpkgs/d202f48f1249f013aa2660c6733e251c85712cbe#terraform",
      "source": "devbox-search",
      "version": "1.12.2",
      "systems": {
        "aarch64-darwin": {
          "outputs": [
            {
              "name": "out",
              "path": "/nix/store/d8bjicybf92vxcapviilv5b623j0zqwk-terraform-1.12.2",
              "default": true
            }
          ],
          "store_path": "/nix/store/d8bjicybf92vxcapviilv5b623j0zqwk-terraform-1.12.2"
        },
        "aarch64-linux": {
          "outputs": [
            {
              "name": "out",
              "path": "/nix/store/gijy95xda5c5wf094dwayb6kgd40fjwm-terraform-1.12.2",
              "default": true
            }
          ],
          "store_path": "/nix/store/gijy95xda5c5wf094dwayb6kgd40fjwm-terraform-1.12.2"
        },
        "x86_64-darwin": {
          "outputs": [
            {
              "name": "out",
              "path": "/nix/store/71hw4gz9h0vqyjj6qhddplcmmyd5vsin-terraform-1.12.2",
              "default": true
            }
          ],
          "store_path": "/nix/store/71hw4gz9h0vqyjj6qhddplcmmyd5vsin-terraform-1.12.2"
        },
        "x86_64-linux": {
          "outputs": [
            {
              "name": "out",
              "path": "/nix/store/1x2z0np2liayk7wiiyzsb56kqb8wjk5v-terraform-1.12.2",
              "default": true
            }
          ],
          "store_path": "/nix/store/1x2z0np2liayk7wiiyzsb56kqb8wjk5v-terraform-1.12.2"
        }
      }
    },
    "vault-bin@1.19.5": {
      "last_modified": "2025-06-02T09:36:13Z",
      "resolved": "github:NixOS/nixpkgs/e4b09e47ace7d87de083786b404bf232eb6c89d8#vault-bin",
      "source": "devbox-search",
      "version": "1.19.5",
      "systems": {
        "aarch64-darwin": {
          "outputs": [
            {
              "name": "out",
              "path": "/nix/store/2vgq60s8kdxcq0kxlsrljxvvj49x8w6r-vault-bin-1.19.5",
              "default": true
            }
          ],
          "store_path": "/nix/store/2vgq60s8kdxcq0kxlsrljxvvj49x8w6r-vault-bin-1.19.5"
        },
        "aarch64-linux": {
          "outputs": [
            {
              "name": "out",
              "path": "/nix/store/sh34xcsl63rbj46y9pmh0i99da6hm8hk-vault-bin-1.19.5",
              "default": true
            }
          ],
          "store_path": "/nix/store/sh34xcsl63rbj46y9pmh0i99da6hm8hk-vault-bin-1.19.5"
        },
        "x86_64-darwin": {
          "outputs": [
            {
              "name": "out",
              "path": "/nix/store/khwknnpgszm01mmcbgkb4hyil6m02frw-vault-bin-1.19.5",
              "default": true
            }
          ],
          "store_path": "/nix/store/khwknnpgszm01mmcbgkb4hyil6m02frw-vault-bin-1.19.5"
        },
        "x86_64-linux": {
          "outputs": [
            {
              "name": "out",
              "path": "/nix/store/1ar8inqxansk6x8pmqd1440ijzgawa5n-vault-bin-1.19.5",
              "default": true
            }
          ],
          "store_path": "/nix/store/1ar8inqxansk6x8pmqd1440ijzgawa5n-vault-bin-1.19.5"
        }
      }
    },
    "yq-go@4.45.4": {
      "last_modified": "2025-05-16T20:19:48Z",
      "resolved": "github:NixOS/nixpkgs/12a55407652e04dcf2309436eb06fef0d3713ef3#yq-go",
      "source": "devbox-search",
      "version": "4.45.4",
      "systems": {
        "aarch64-darwin": {
          "outputs": [
            {
              "name": "out",
              "path": "/nix/store/g96y9nqsb1icgna225hbdir827mik8v5-yq-go-4.45.4",
              "default": true
            }
          ],
          "store_path": "/nix/store/g96y9nqsb1icgna225hbdir827mik8v5-yq-go-4.45.4"
        },
        "aarch64-linux": {
          "outputs": [
            {
              "name": "out",
              "path": "/nix/store/l6k9y7s4wl8ymcgyk84nhgjnziamy1jz-yq-go-4.45.4",
              "default": true
            }
          ],
          "store_path": "/nix/store/l6k9y7s4wl8ymcgyk84nhgjnziamy1jz-yq-go-4.45.4"
        },
        "x86_64-darwin": {
          "outputs": [
            {
              "name": "out",
              "path": "/nix/store/7xlp5q6f6lxinx31pccrfz6j8s4pmf1c-yq-go-4.45.4",
              "default": true
            }
          ],
          "store_path": "/nix/store/7xlp5q6f6lxinx31pccrfz6j8s4pmf1c-yq-go-4.45.4"
        },
        "x86_64-linux": {
          "outputs": [
            {
              "name": "out",
              "path": "/nix/store/kflpx5ihql91daz6qmgp6bg477aip48z-yq-go-4.45.4",
              "default": true
            }
          ],
          "store_path": "/nix/store/kflpx5ihql91daz6qmgp6bg477aip48z-yq-go-4.45.4"
        }
      }
    }
  }
}
