{
  "lockfile_version": "1",
  "packages": {
    "docker-client@28.3.3": {
      "last_modified": "2025-09-18T16:33:27Z",
      "resolved": "github:NixOS/nixpkgs/f4b140d5b253f5e2a1ff4e5506edbf8267724bde#docker-client",
      "source": "devbox-search",
      "version": "28.3.3",
      "systems": {
        "aarch64-darwin": {
          "outputs": [
            {
              "name": "out",
              "path": "/nix/store/yhq84djizcvvhwcnkmwklgg2bgwcp6iq-docker-28.3.3",
              "default": true
            }
          ],
          "store_path": "/nix/store/yhq84djizcvvhwcnkmwklgg2bgwcp6iq-docker-28.3.3"
        },
        "aarch64-linux": {
          "outputs": [
            {
              "name": "out",
              "path": "/nix/store/aix0x1cjhgb7jqa69npq01dzh1ja99ly-docker-28.3.3",
              "default": true
            }
          ],
          "store_path": "/nix/store/aix0x1cjhgb7jqa69npq01dzh1ja99ly-docker-28.3.3"
        },
        "x86_64-darwin": {
          "outputs": [
            {
              "name": "out",
              "path": "/nix/store/rbf2x5dzickvx7s1n3gyd2gzhc1kizcp-docker-28.3.3",
              "default": true
            }
          ],
          "store_path": "/nix/store/rbf2x5dzickvx7s1n3gyd2gzhc1kizcp-docker-28.3.3"
        },
        "x86_64-linux": {
          "outputs": [
            {
              "name": "out",
              "path": "/nix/store/0842alb9fb1nlj8yr89v86da9142nfxc-docker-28.3.3",
              "default": true
            }
          ],
          "store_path": "/nix/store/0842alb9fb1nlj8yr89v86da9142nfxc-docker-28.3.3"
        }
      }
    },
    "github:NixOS/nixpkgs/nixpkgs-unstable": {
      "last_modified": "2026-09-06T09:21:42Z",
      "resolved": "github:NixOS/nixpkgs/94a0f8d9ca5da101ec1cddbdfecfdc1ae1766d04?lastModified=1788686502&narHash=sha256-C5ETRqK0ji2SGGVpjdsAIv%2BYd6m4vB6DOiGPQXP%2FM34%3D"
    },
    "glibcLocales@latest": {
      "last_modified": "2026-08-27T07:16:00Z",
      "resolved": "github:NixOS/nixpkgs/c27cdad491a991b11ed731760aa2ef8db0cb0410#glibcLocales",
      "source": "devbox-search",
      "version": "2.42-84",
      "systems": {
        "aarch64-linux": {
          "outputs": [
            {
              "name": "out",
              "path": "/nix/store/iacrshzwi3r6k7jr98p94v3naji51f04-glibc-locales-2.42-84",
              "default": true
            }
          ],
          "store_path": "/nix/store/iacrshzwi3r6k7jr98p94v3naji51f04-glibc-locales-2.42-84"
        },
        "x86_64-linux": {
          "outputs": [
            {
              "name": "out",
              "path": "/nix/store/f65j04fnffn1wb67s11m8mhghf3xzpc1-glibc-locales-2.42-84",
              "default": true
            }
          ],
          "store_path": "/nix/store/f65j04fnffn1wb67s11m8mhghf3xzpc1-glibc-locales-2.42-84"
        }
      }
    },
    "gnupg@2.4.8": {
      "last_modified": "2026-01-23T17:20:52Z",
      "resolved": "github:NixOS/nixpkgs/a1bab9e494f5f4939442a57a58d0449a109593fe#gnupg",
      "source": "devbox-search",
      "version": "2.4.8",
      "systems": {
        "aarch64-darwin": {
          "outputs": [
            {
              "name": "out",
              "path": "/nix/store/60vj4a86fsy68x1lnb3519vx40l3zmda-gnupg-2.4.8",
              "default": true
            }
          ],
          "store_path": "/nix/store/60vj4a86fsy68x1lnb3519vx40l3zmda-gnupg-2.4.8"
        },
        "aarch64-linux": {
          "outputs": [
            {
              "name": "out",
              "path": "/nix/store/6hi9jwv2svvm5h6cp18kwv4dqlgbs7j3-gnupg-2.4.8",
              "default": true
            }
          ],
          "store_path": "/nix/store/6hi9jwv2svvm5h6cp18kwv4dqlgbs7j3-gnupg-2.4.8"
        },
        "x86_64-darwin": {
          "outputs": [
            {
              "name": "out",
              "path": "/nix/store/myl383y6vpacgyynv3634ynfhz48v7la-gnupg-2.4.8",
              "default": true
            }
          ],
          "store_path": "/nix/store/myl383y6vpacgyynv3634ynfhz48v7la-gnupg-2.4.8"
        },
        "x86_64-linux": {
          "outputs": [
            {
              "name": "out",
              "path": "/nix/store/hafxwi09djh8aknfm7lkii9qdnslv4hn-gnupg-2.4.8",
              "default": true
            }
          ],
          "store_path": "/nix/store/hafxwi09djh8aknfm7lkii9qdnslv4hn-gnupg-2.4.8"
        }
      }
    },
    "jq@1.8.1": {
      "last_modified": "2026-07-03T16:41:56Z",
      "resolved": "github:NixOS/nixpkgs/0c190cd98e1f30cdbeff0ca149b2b17564a4a30e#jq",
      "source": "devbox-search",
      "version": "1.8.1",
      "systems": {
        "aarch64-darwin": {
          "outputs": [
            {
              "name": "bin",
              "path": "/nix/store/n9ri7m7j3l3ggx7ag8xm87cavjvcxycz-jq-1.8.1-bin",
              "default": true
            },
            {
              "name": "man",
              "path": "/nix/store/0l8f1i70kd15qadl45b4fvqlg2j7s5hn-jq-1.8.1-man",
              "default": true
            },
            {
              "name": "dev",
              "path": "/nix/store/pfp4psnwxs2ygda5sq6sr95x2snn6yjl-jq-1.8.1-dev"
            },
            {
              "name": "doc",
              "path": "/nix/store/6va29c6s0v4kqi0zvc5jhn7s31c9i4hd-jq-1.8.1-doc"
            },
            {
              "name": "out",
              "path": "/nix/store/phmsnvxjh6rmf7id4wahi3vllbj8fn4s-jq-1.8.1"
            }
          ],
          "store_path": "/nix/store/n9ri7m7j3l3ggx7ag8xm87cavjvcxycz-jq-1.8.1-bin"
        },
        "aarch64-linux": {
          "outputs": [
            {
              "name": "bin",
              "path": "/nix/store/hmwz4mnhiwyy1zyrypbdk6xqrxrpv4jp-jq-1.8.1-bin",
              "default": true
            },
            {
              "name": "man",
              "path": "/nix/store/iy9j5qqv7bkf0fnwh6pddfbk5q93i3nh-jq-1.8.1-man",
              "default": true
            },
            {
              "name": "dev",
              "path": "/nix/store/gkincbg9wkmasrxw36mmyvp08jyhcxxg-jq-1.8.1-dev"
            },
            {
              "name": "doc",
              "path": "/nix/store/vh84k872pnn2xavlx9j551056k1h579f-jq-1.8.1-doc"
            },
            {
              "name": "out",
              "path": "/nix/store/cs80rizzqf70hsya9n2h60zj9rf23sr5-jq-1.8.1"
            }
          ],
          "store_path": "/nix/store/hmwz4mnhiwyy1zyrypbdk6xqrxrpv4jp-jq-1.8.1-bin"
        },
        "x86_64-darwin": {
          "outputs": [
            {
              "name": "bin",
              "path": "/nix/store/glj1kzrb6jm7x4r5z400mcmja8ws657q-jq-1.8.1-bin",
              "default": true
            },
            {
              "name": "man",
              "path": "/nix/store/vpk901871j7kfmmb20i1vfxh5d8mhim2-jq-1.8.1-man",
              "default": true
            },
            {
              "name": "dev",
              "path": "/nix/store/akbah2c4a6xcgpx2l7xqqgfbxgi8anfj-jq-1.8.1-dev"
            },
            {
              "name": "doc",
              "path": "/nix/store/jb2xgi4gjvzwifzfmf4kzkimbgrhsaav-jq-1.8.1-doc"
            },
            {
              "name": "out",
              "path": "/nix/store/l4i89frkjf4dly7gxwbksrcimcgr2x8f-jq-1.8.1"
            }
          ],
          "store_path": "/nix/store/glj1kzrb6jm7x4r5z400mcmja8ws657q-jq-1.8.1-bin"
        },
        "x86_64-linux": {
          "outputs": [
            {
              "name": "bin",
              "path": "/nix/store/q0pj1dw2nr57y6b4pqljklf0hy20alfj-jq-1.8.1-bin",
              "default": true
            },
            {
              "name": "man",
              "path": "/nix/store/d21dmfzxkgpa7jkn5ggr0balzfg0j269-jq-1.8.1-man",
              "default": true
            },
            {
              "name": "dev",
              "path": "/nix/store/3vavalljj18drsycygl361zqz4rryygd-jq-1.8.1-dev"
            },
            {
              "name": "doc",
              "path": "/nix/store/nzhykmz9qn2vrb9ki6ddrpipic7rfpfb-jq-1.8.1-doc"
            },
            {
              "name": "out",
              "path": "/nix/store/bzm6nb8fx5p005bygrarn48i6qy1ir3a-jq-1.8.1"
            }
          ],
          "store_path": "/nix/store/q0pj1dw2nr57y6b4pqljklf0hy20alfj-jq-1.8.1-bin"
        }
      }
    },
    "kind@0.29.0": {
      "last_modified": "2025-07-28T17:09:23Z",
      "resolved": "github:NixOS/nixpkgs/648f70160c03151bc2121d179291337ad6bc564b#kind",
      "source": "devbox-search",
      "version": "0.29.0",
      "systems": {
        "aarch64-darwin": {
          "outputs": [
            {
              "name": "out",
              "path": "/nix/store/prhgjwv6cqf2s1hgr662w7h56amykcpp-kind-0.29.0",
              "default": true
            }
          ],
          "store_path": "/nix/store/prhgjwv6cqf2s1hgr662w7h56amykcpp-kind-0.29.0"
        },
        "aarch64-linux": {
          "outputs": [
            {
              "name": "out",
              "path": "/nix/store/ij8mcqwncmw68i676b4dybgwx5k1filn-kind-0.29.0",
              "default": true
            }
          ],
          "store_path": "/nix/store/ij8mcqwncmw68i676b4dybgwx5k1filn-kind-0.29.0"
        },
        "x86_64-darwin": {
          "outputs": [
            {
              "name": "out",
              "path": "/nix/store/ssn028ms5f62wsznhvl7kks62idd6y4w-kind-0.29.0",
              "default": true
            }
          ],
          "store_path": "/nix/store/ssn028ms5f62wsznhvl7kks62idd6y4w-kind-0.29.0"
        },
        "x86_64-linux": {
          "outputs": [
            {
              "name": "out",
              "path": "/nix/store/r6j7f9fk5cnss0i0ddm5yf9r23n1bc13-kind-0.29.0",
              "default": true
            }
          ],
          "store_path": "/nix/store/r6j7f9fk5cnss0i0ddm5yf9r23n1bc13-kind-0.29.0"
        }
      }
    },
    "kubectl@1.33.3": {
      "last_modified": "2025-07-28T17:09:23Z",
      "resolved": "github:NixOS/nixpkgs/648f70160c03151bc2121d179291337ad6bc564b#kubectl",
      "source": "devbox-search",
      "version": "1.33.3",
      "systems": {
        "aarch64-darwin": {
          "outputs": [
            {
              "name": "out",
              "path": "/nix/store/k5hj0mxpv84w7xzx2z4wc06r4hg1ccwj-kubectl-1.33.3",
              "default": true
            },
            {
              "name": "man",
              "path": "/nix/store/2mckzmqkc5y3bh66sx2ij6sy2l1yy5s3-kubectl-1.33.3-man",
              "default": true
            },
            {
              "name": "convert",
              "path": "/nix/store/x225vv21kfp2pgi3hxac4cpz60qlh6nv-kubectl-1.33.3-convert"
            }
          ],
          "store_path": "/nix/store/k5hj0mxpv84w7xzx2z4wc06r4hg1ccwj-kubectl-1.33.3"
        },
        "aarch64-linux": {
          "outputs": [
            {
              "name": "out",
              "path": "/nix/store/cclissn11ab1rw49qybz8q31631n3m9x-kubectl-1.33.3",
              "default": true
            },
            {
              "name": "man",
              "path": "/nix/store/5npib1jfzm5mnv2ri6lv3z1l2pxhp8lr-kubectl-1.33.3-man",
              "default": true
            },
            {
              "name": "convert",
              "path": "/nix/store/1ahkazwv31h3irkxpzazg20kpn3kngbz-kubectl-1.33.3-convert"
            }
          ],
          "store_path": "/nix/store/cclissn11ab1rw49qybz8q31631n3m9x-kubectl-1.33.3"
        },
        "x86_64-darwin": {
          "outputs": [
            {
              "name": "out",
              "path": "/nix/store/qhvbci1vbd66884yza8d8sr3xn08v5ar-kubectl-1.33.3",
              "default": true
            },
            {
              "name": "man",
              "path": "/nix/store/9r8lxjhv229w8c2gf0kbwsfjl9jcv6y2-kubectl-1.33.3-man",
              "default": true
            },
            {
              "name": "convert",
              "path": "/nix/store/x74dqs19xz986l140bjn15awxf62dkys-kubectl-1.33.3-convert"
            }
          ],
          "store_path": "/nix/store/qhvbci1vbd66884yza8d8sr3xn08v5ar-kubectl-1.33.3"
        },
        "x86_64-linux": {
          "outputs": [
            {
              "name": "out",
              "path": "/nix/store/vpx0zzs0hazp7k9byys204jl805ksa2y-kubectl-1.33.3",
              "default": true
            },
            {
              "name": "man",
              "path": "/nix/store/w38d510ixf5ijs8z4j6c2yiinqk8ddx8-kubectl-1.33.3-man",
              "default": true
            },
            {
              "name": "convert",
              "path": "/nix/store/sj77h1x39z09mmq6rv1cjmpj6gg9gylf-kubectl-1.33.3-convert"
            }
          ],
          "store_path": "/nix/store/vpx0zzs0hazp7k9byys204jl805ksa2y-kubectl-1.33.3"
        }
      }
    },
    "openldap@2.6.9": {
      "last_modified": "2026-04-16T08:46:55Z",
      "resolved": "github:NixOS/nixpkgs/b86751bc4085f48661017fa226dee99fab6c651b#openldap",
      "source": "devbox-search",
      "version": "2.6.9",
      "systems": {
        "aarch64-darwin": {
          "outputs": [
            {
              "name": "out",
              "path": "/nix/store/vhfqrk9rd6wl5vgsm7rk87gicp2xgh89-openldap-2.6.9",
              "default": true
            },
            {
              "name": "man",
              "path": "/nix/store/pk4psc4zw3rrrd9phxlm19jgwcnb6qhn-openldap-2.6.9-man",
              "default": true
            },
            {
              "name": "dev",
              "path": "/nix/store/3nsv5388x0yxvb7w3kr1lhy05f28wxvf-openldap-2.6.9-dev"
            },
            {
              "name": "devdoc",
              "path": "/nix/store/2y7s6z2qkbcqkqqglp8jlm3aqmw7g8il-openldap-2.6.9-devdoc"
            }
          ],
          "store_path": "/nix/store/vhfqrk9rd6wl5vgsm7rk87gicp2xgh89-openldap-2.6.9"
        },
        "aarch64-linux": {
          "outputs": [
            {
              "name": "out",
              "path": "/nix/store/r9qiraqqyyhagy0jijckns7qr3z0dmbp-openldap-2.6.9",
              "default": true
            },
            {
              "name": "man",
              "path": "/nix/store/0aw31rx9kpgdw71paxk5hx5a7f78xdlh-openldap-2.6.9-man",
              "default": true
            },
            {
              "name": "dev",
              "path": "/nix/store/fw80k4glz9mvh1qz35rbw2s87x552ppn-openldap-2.6.9-dev"
            },
            {
              "name": "devdoc",
              "path": "/nix/store/7xr8f9bx265l3pagfri2qqzp4rqczdgy-openldap-2.6.9-devdoc"
            }
          ],
          "store_path": "/nix/store/r9qiraqqyyhagy0jijckns7qr3z0dmbp-openldap-2.6.9"
        },
        "x86_64-darwin": {
          "outputs": [
            {
              "name": "out",
              "path": "/nix/store/s8x1jd5467izg0anl5j7fdc39dflr2bl-openldap-2.6.9",
              "default": true
            },
            {
              "name": "man",
              "path": "/nix/store/2hv1qqfvsa7x1ibkm741hphfnkj6cqnm-openldap-2.6.9-man",
              "default": true
            },
            {
              "name": "devdoc",
              "path": "/nix/store/8ayi83razl44f6miqbpgwjkq0gj7isnw-openldap-2.6.9-devdoc"
            },
            {
              "name": "dev",
              "path": "/nix/store/rpi8981dy0wps9w3lqv89hzrm7lai694-openldap-2.6.9-dev"
            }
          ],
          "store_path": "/nix/store/s8x1jd5467izg0anl5j7fdc39dflr2bl-openldap-2.6.9"
        },
        "x86_64-linux": {
          "outputs": [
            {
              "name": "out",
              "path": "/nix/store/c1mgjk13qgih9gifkk8pjw0cdm1dx3dl-openldap-2.6.9",
              "default": true
            },
            {
              "name": "man",
              "path": "/nix/store/bh64l0mgly647ka9fj4kcj2schai5zp2-openldap-2.6.9-man",
              "default": true
            },
            {
              "name": "dev",
              "path": "/nix/store/jppmqzjyvcd4j6fvcjijch03b43k6z72-openldap-2.6.9-dev"
            },
            {
              "name": "devdoc",
              "path": "/nix/store/jb4g7rxpmf2g81p4cbiw7cfr14hf6h9b-openldap-2.6.9-devdoc"
            }
          ],
          "store_path": "/nix/store/c1mgjk13qgih9gifkk8pjw0cdm1dx3dl-openldap-2.6.9"
        }
      }
    },
    "openssl@3.5.1": {
      "last_modified": "2025-10-04T18:00:36Z",
      "resolved": "github:NixOS/nixpkgs/0832d1b3a08fe4c695507a075d547ebfa818dfa0#openssl",
      "source": "devbox-search",
      "version": "3.5.1",
      "systems": {
        "aarch64-darwin": {
          "outputs": [
            {
              "name": "bin",
              "path": "/nix/store/bpawzvf8z4yjmwr3zc7haxhv99sl8s2a-openssl-3.5.1-bin",
              "default": true
            },
            {
              "name": "man",
              "path": "/nix/store/2jh1wcwhjylfxzly4hbb5fz55b1lxxm5-openssl-3.5.1-man",
              "default": true
            },
            {
              "name": "dev",
              "path": "/nix/store/4fwifkd3zn4m6y7zacyhpwy5frj63knk-openssl-3.5.1-dev"
            },
            {
              "name": "doc",
              "path": "/nix/store/69p0m85qi4rw0ka8jqciba0p9q3140b0-openssl-3.5.1-doc"
            },
            {
              "name": "out",
              "path": "/nix/store/0ais7wnqw8xzj0331c2jka53s6g14wqb-openssl-3.5.1"
            }
          ],
          "store_path": "/nix/store/bpawzvf8z4yjmwr3zc7haxhv99sl8s2a-openssl-3.5.1-bin"
        },
        "aarch64-linux": {
          "outputs": [
            {
              "name": "bin",
              "path": "/nix/store/4zzrcin7jdph1ybm7pkwlypv4khmqgf3-openssl-3.5.1-bin",
              "default": true
            },
            {
              "name": "man",
              "path": "/nix/store/slgd9x3x372g5bm73qbijj41rqb560fd-openssl-3.5.1-man",
              "default": true
            },
            {
              "name": "debug",
              "path": "/nix/store/n0r6fn7sd0bvmpwm8s5nlmm626jilcra-openssl-3.5.1-debug"
            },
            {
              "name": "dev",
              "path": "/nix/store/hg5ryywl9xqg82kvzwvqkx4m2yckkdsg-openssl-3.5.1-dev"
            },
            {
              "name": "doc",
              "path": "/nix/store/91mrccm5jwv94w8lvh7c0wf0cygj0yal-openssl-3.5.1-doc"
            },
            {
              "name": "out",
              "path": "/nix/store/rzlvprd99wlbiv2wsqgp23kmxhkm1yfr-openssl-3.5.1"
            }
          ],
          "store_path": "/nix/store/4zzrcin7jdph1ybm7pkwlypv4khmqgf3-openssl-3.5.1-bin"
        },
        "x86_64-darwin": {
          "outputs": [
            {
              "name": "bin",
              "path": "/nix/store/4w92hq61lhdzin9mkvzlxvd603pgwm9w-openssl-3.5.1-bin",
              "default": true
            },
            {
              "name": "man",
              "path": "/nix/store/h59wasb1qrmvsgz79bl0sqnrhx0vccha-openssl-3.5.1-man",
              "default": true
            },
            {
              "name": "dev",
              "path": "/nix/store/63827r05nfpr7bg23zpivb9sn33cshy4-openssl-3.5.1-dev"
            },
            {
              "name": "doc",
              "path": "/nix/store/3kbg9sqs4i8j7rkr6q7gb25c0bjqylyr-openssl-3.5.1-doc"
            },
            {
              "name": "out",
              "path": "/nix/store/v3cq87zwjd4f91y0i1023kkb9wvwc71z-openssl-3.5.1"
            }
          ],
          "store_path": "/nix/store/4w92hq61lhdzin9mkvzlxvd603pgwm9w-openssl-3.5.1-bin"
        },
        "x86_64-linux": {
          "outputs": [
            {
              "name": "bin",
              "path": "/nix/store/nn4b544v4sanvsf22mjiw3qh8mwh6pzh-openssl-3.5.1-bin",
              "default": true
            },
            {
              "name": "man",
              "path": "/nix/store/kmyzbfp60f9b85lhpr3njswxlm76b0av-openssl-3.5.1-man",
              "default": true
            },
            {
              "name": "debug",
              "path": "/nix/store/rj7yspi9mw9zcbma7v3h2zbh03bkjb82-openssl-3.5.1-debug"
            },
            {
              "name": "dev",
              "path": "/nix/store/qqfiw89h8j4pilcyqapldzq5vf0vqgxy-openssl-3.5.1-dev"
            },
            {
              "name": "doc",
              "path": "/nix/store/g9nxr4sig9dkhfvgc0ma1qb6fs3xm5dn-openssl-3.5.1-doc"
            },
            {
              "name": "out",
              "path": "/nix/store/gi615r79j260ihhzdkhrg6qva9wfrbyy-openssl-3.5.1"
            }
          ],
          "store_path": "/nix/store/nn4b544v4sanvsf22mjiw3qh8mwh6pzh-openssl-3.5.1-bin"
        }
      }
    },
    "postgresql@17.5": {
      "last_modified": "2025-08-12T09:17:37Z",
      "plugin_version": "0.0.2",
      "resolved": "github:NixOS/nixpkgs/372d9eeeafa5b15913201e2b92e8e539ac7c64d1#postgresql",
      "source": "devbox-search",
      "version": "17.5",
      "systems": {
        "aarch64-darwin": {
          "outputs": [
            {
              "name": "out",
              "path": "/nix/store/dfmi5df0i45v2cibv90zbga22l5pmmnw-postgresql-17.5",
              "default": true
            },
            {
              "name": "man",
              "path": "/nix/store/g3gynlyaxxgwiq8fm5lcqs7cp0fr25zl-postgresql-17.5-man",
              "default": true
            },
            {
              "name": "lib",
              "path": "/nix/store/z2ixx0168lngnhdgcxaw9w6wra0ibnnx-postgresql-17.5-lib"
            },
            {
              "name": "plperl",
              "path": "/nix/store/8qv982x7a177gwn2d0s2xnss9gayhj51-postgresql-17.5-plperl"
            },
            {
              "name": "plpython3",
              "path": "/nix/store/fqkh3qj0x8by1aczhg5sj2wla0rmg3wr-postgresql-17.5-plpython3"
            },
            {
              "name": "doc",
              "path": "/nix/store/13n7szqbq83d5s7i17xd1y6vijnlw8si-postgresql-17.5-doc"
            },
            {
              "name": "dev",
              "path": "/nix/store/rid24asr9anzmzvj8vzvvh6vhyzrv1g0-postgresql-17.5-dev"
            },
            {
              "name": "jit",
              "path": "/nix/store/pwi2jpd8kzpddzcj6rnhas1rkd17j05l-postgresql-17.5-jit"
            },
            {
              "name": "pltcl",
              "path": "/nix/store/bvfy276k5xz806vglghvbl7s8c6wl5z4-postgresql-17.5-pltcl"
            }
          ],
          "store_path": "/nix/store/dfmi5df0i45v2cibv90zbga22l5pmmnw-postgresql-17.5"
        },
        "aarch64-linux": {
          "outputs": [
            {
              "name": "out",
              "path": "/nix/store/mdf05bq8zlvraxpxlyj3rg6660x3ramx-postgresql-17.5",
              "default": true
            },
            {
              "name": "man",
              "path": "/nix/store/z39cmrls5696pv6a99kglyyw309z2lj9-postgresql-17.5-man",
              "default": true
            },
            {
              "name": "dev",
              "path": "/nix/store/l7rryvxw8z6im8dnsmskpry4ydbnk6rq-postgresql-17.5-dev"
            },
            {
              "name": "doc",
              "path": "/nix/store/5g0krnrsbwmpvwz50jk7if7az8q9yxvp-postgresql-17.5-doc"
            },
            {
              "name": "lib",
              "path": "/nix/store/06mkcha74k49nzjg5zdlf8ywv2ij77sm-postgresql-17.5-lib"
            },
            {
              "name": "plperl",
              "path": "/nix/store/l7g0spdxs7wfhzlfz6584krb4wxbl0hn-postgresql-17.5-plperl"
            },
            {
              "name": "plpython3",
              "path": "/nix/store/wivl4xjnsdka9cz3aiv5y7fg7rqg7jfp-postgresql-17.5-plpython3"
            },
            {
              "name": "jit",
              "path": "/nix/store/3jflknpljm3hfr03fih3rwm18wdxdwkh-postgresql-17.5-jit"
            },
            {
              "name": "debug",
              "path": "/nix/store/s84wvrgpqql4iw9gygq5jzs93c7bvv90-postgresql-17.5-debug"
            },
            {
              "name": "pltcl",
              "path": "/nix/store/n58hxn83kdxmhd2hx1jhbn9bca07595j-postgresql-17.5-pltcl"
            }
          ],
          "store_path": "/nix/store/mdf05bq8zlvraxpxlyj3rg6660x3ramx-postgresql-17.5"
        },
        "x86_64-darwin": {
          "outputs": [
            {
              "name": "out",
              "path": "/nix/store/dh5vca89l71qprnlhk8syb79c544s8wd-postgresql-17.5",
              "default": true
            },
            {
              "name": "man",
              "path": "/nix/store/1q81qzabr82rn36zs9ll6s8c6briqbbv-postgresql-17.5-man",
              "default": true
            },
            {
              "name": "dev",
              "path": "/nix/store/c6mk6kvrchibfmjc9fia8i0d064mfl51-postgresql-17.5-dev"
            },
            {
              "name": "pltcl",
              "path": "/nix/store/x7ngrwcymp5zmqm62qf5wixirsdm74vm-postgresql-17.5-pltcl"
            },
            {
              "name": "plperl",
              "path": "/nix/store/q4s9pzl97bf4lkxlwsamwb0q3w611ldy-postgresql-17.5-plperl"
            },
            {
              "name": "plpython3",
              "path": "/nix/store/kvk8x0lphwfd5nkncv7ixn8j37964ihg-postgresql-17.5-plpython3"
            },
            {
              "name": "jit",
              "path": "/nix/store/dwlbnv8qs5m3sz4vdln9d9bz6rilc5r6-postgresql-17.5-jit"
            },
            {
              "name": "doc",
              "path": "/nix/store/1sh044b2grn7xd40afrqa56lvh1i4bkh-postgresql-17.5-doc"
            },
            {
              "name": "lib",
              "path": "/nix/store/83xc3vq9vmaix9ab0cx849ypnbcajv5q-postgresql-17.5-lib"
            }
          ],
          "store_path": "/nix/store/dh5vca89l71qprnlhk8syb79c544s8wd-postgresql-17.5"
        },
        "x86_64-linux": {
          "outputs": [
            {
              "name": "out",
              "path": "/nix/store/f1akpy48ng3zshls7ncfx0h45ca9kskg-postgresql-17.5",
              "default": true
            },
            {
              "name": "man",
              "path": "/nix/store/vrqqycznilgqy95rfrxp7ji9l8swdlc7-postgresql-17.5-man",
              "default": true
            },
            {
              "name": "jit",
              "path": "/nix/store/1ymacxkxm8z5v9yhh196gv82462vrja8-postgresql-17.5-jit"
            },
            {
              "name": "plperl",
              "path": "/nix/store/3yjd6qmiz4965rwa3fz4pi2cvdzki63d-postgresql-17.5-plperl"
            },
            {
              "name": "plpython3",
              "path": "/nix/store/x3g44jhfkzkdxziy8122fz4djh8hi6ia-postgresql-17.5-plpython3"
            },
            {
              "name": "debug",
              "path": "/nix/store/p9qmqlj43crbvya5zic4daxpa9irpcf6-postgresql-17.5-debug"
            },
            {
              "name": "dev",
              "path": "/nix/store/dhvvss0cly7inw5m5gg00zaksn1x4k0a-postgresql-17.5-dev"
            },
            {
              "name": "pltcl",
              "path": "/nix/store/sfjhv0zx9mklr23n9ybfwmlggw13ciy7-postgresql-17.5-pltcl"
            },
            {
              "name": "doc",
              "path": "/nix/store/wy4x55s5idkpjwdc38icsjj5fai7qr35-postgresql-17.5-doc"
            },
            {
              "name": "lib",
              "path": "/nix/store/n8z6i9wdbv4wkckw88fcf85pjpydvdmw-postgresql-17.5-lib"
            }
          ],
          "store_path": "/nix/store/f1akpy48ng3zshls7ncfx0h45ca9kskg-postgresql-17.5"
        }
      }
    },
    "python313Packages.bash-kernel@0.10.0": {
      "last_modified": "2026-08-27T07:16:00Z",
      "resolved": "github:NixOS/nixpkgs/c27cdad491a991b11ed731760aa2ef8db0cb0410#python313Packages.bash-kernel",
      "source": "devbox-search",
      "version": "0.10.0",
      "systems": {
        "aarch64-darwin": {
          "outputs": [
            {
              "name": "out",
              "path": "/nix/store/l98bcdj5clymji1ixh0cy4sz69y2zrm0-python3.13-bash-kernel-0.10.0",
              "default": true
            },
            {
              "name": "dist",
              "path": "/nix/store/2l3rl7cprfnqcn8qfw6lm21j6xj9fhfd-python3.13-bash-kernel-0.10.0-dist"
            }
          ],
          "store_path": "/nix/store/l98bcdj5clymji1ixh0cy4sz69y2zrm0-python3.13-bash-kernel-0.10.0"
        },
        "aarch64-linux": {
          "outputs": [
            {
              "name": "out",
              "path": "/nix/store/lgb7sa874bzqgiwp326hcsi7yfkcr86h-python3.13-bash-kernel-0.10.0",
              "default": true
            },
            {
              "name": "dist",
              "path": "/nix/store/8xga5fphgnisf7hahad9kp0vqrajx5z3-python3.13-bash-kernel-0.10.0-dist"
            }
          ],
          "store_path": "/nix/store/lgb7sa874bzqgiwp326hcsi7yfkcr86h-python3.13-bash-kernel-0.10.0"
        },
        "x86_64-darwin": {
          "outputs": [
            {
              "name": "out",
              "path": "/nix/store/q9nlzvrv46cdw4rviimb08lqpbrgg3xk-python3.13-bash-kernel-0.10.0",
              "default": true
            },
            {
              "name": "dist",
              "path": "/nix/store/670a20g1mv9kaaxq0pz32wsawx13am4q-python3.13-bash-kernel-0.10.0-dist"
            }
          ],
          "store_path": "/nix/store/q9nlzvrv46cdw4rviimb08lqpbrgg3xk-python3.13-bash-kernel-0.10.0"
        },
        "x86_64-linux": {
          "outputs": [
            {
              "name": "out",
              "path": "/nix/store/1z7w6hlvsfa4pdp2n101bl37az23jvjm-python3.13-bash-kernel-0.10.0",
              "default": true
            },
            {
              "name": "dist",
              "path": "/nix/store/igbgbnp1qszw6ll04v6gsygh7vn6gr1a-python3.13-bash-kernel-0.10.0-dist"
            }
          ],
          "store_path": "/nix/store/1z7w6hlvsfa4pdp2n101bl37az23jvjm-python3.13-bash-kernel-0.10.0"
        }
      }
    },
    "python313Packages.jupyterlab@4.4.3": {
      "last_modified": "2025-07-28T17:09:23Z",
      "resolved": "github:NixOS/nixpkgs/648f70160c03151bc2121d179291337ad6bc564b#python313Packages.jupyterlab",
      "source": "devbox-search",
      "version": "4.4.3",
      "systems": {
        "aarch64-darwin": {
          "outputs": [
            {
              "name": "out",
              "path": "/nix/store/w8jjz6kmavcx0g8y86migxf00ldrif5a-python3.13-jupyterlab-4.4.3",
              "default": true
            },
            {
              "name": "dist",
              "path": "/nix/store/3zmmmgzkygam2m8xgia2xhmb64s0i6dk-python3.13-jupyterlab-4.4.3-dist"
            }
          ],
          "store_path": "/nix/store/w8jjz6kmavcx0g8y86migxf00ldrif5a-python3.13-jupyterlab-4.4.3"
        },
        "aarch64-linux": {
          "outputs": [
            {
              "name": "out",
              "path": "/nix/store/7qmys56nna34g7nxq81mffc0lzghql82-python3.13-jupyterlab-4.4.3",
              "default": true
            },
            {
              "name": "dist",
              "path": "/nix/store/yydvw29qj10sfkvlph145n8vab040i1s-python3.13-jupyterlab-4.4.3-dist"
            }
          ],
          "store_path": "/nix/store/7qmys56nna34g7nxq81mffc0lzghql82-python3.13-jupyterlab-4.4.3"
        },
        "x86_64-darwin": {
          "outputs": [
            {
              "name": "out",
              "path": "/nix/store/y8ccj84s5xzxgrjsyqd06i68q23z1a58-python3.13-jupyterlab-4.4.3",
              "default": true
            },
            {
              "name": "dist",
              "path": "/nix/store/0n7aljdz4bqgax2glk7yiyk6yw7mp5zg-python3.13-jupyterlab-4.4.3-dist"
            }
          ],
          "store_path": "/nix/store/y8ccj84s5xzxgrjsyqd06i68q23z1a58-python3.13-jupyterlab-4.4.3"
        },
        "x86_64-linux": {
          "outputs": [
            {
              "name": "out",
              "path": "/nix/store/109aylrpmld33lcyjq4m3355c6hqfg4a-python3.13-jupyterlab-4.4.3",
              "default": true
            },
            {
              "name": "dist",
              "path": "/nix/store/6ha4fvgnmsha02j18bkw50hq6hxcfjn2-python3.13-jupyterlab-4.4.3-dist"
            }
          ],
          "store_path": "/nix/store/109aylrpmld33lcyjq4m3355c6hqfg4a-python3.13-jupyterlab-4.4.3"
        }
      }
    },
    "python@3.13.3": {
      "last_modified": "2025-05-16T20:19:48Z",
      "plugin_version": "0.0.5",
      "resolved": "github:NixOS/nixpkgs/12a55407652e04dcf2309436eb06fef0d3713ef3#python313",
      "source": "devbox-search",
      "version": "3.13.3",
      "systems": {
        "aarch64-darwin": {
          "outputs": [
            {
              "name": "out",
              "path": "/nix/store/1a8xg8l3m67hxinxzzcsak9736qm9vsf-python3-3.13.3",
              "default": true
            }
          ],
          "store_path": "/nix/store/1a8xg8l3m67hxinxzzcsak9736qm9vsf-python3-3.13.3"
        },
        "aarch64-linux": {
          "outputs": [
            {
              "name": "out",
              "path": "/nix/store/yy0xvc2rydhrs0h1v8d7r3sql347xzz5-python3-3.13.3",
              "default": true
            },
            {
              "name": "debug",
              "path": "/nix/store/42bxfqfrh8cwspl7szr0cw8739xv8qlq-python3-3.13.3-debug"
            }
          ],
          "store_path": "/nix/store/yy0xvc2rydhrs0h1v8d7r3sql347xzz5-python3-3.13.3"
        },
        "x86_64-darwin": {
          "outputs": [
            {
              "name": "out",
              "path": "/nix/store/gbrigjhghz9v2p0zf9b2fnvs0g0yx7q4-python3-3.13.3",
              "default": true
            }
          ],
          "store_path": "/nix/store/gbrigjhghz9v2p0zf9b2fnvs0g0yx7q4-python3-3.13.3"
        },
        "x86_64-linux": {
          "outputs": [
            {
              "name": "out",
              "path": "/nix/store/2mab9iiwhcqwk75qwvp3zv0bvbiaq6cs-python3-3.13.3",
              "default": true
            },
            {
              "name": "debug",
              "path": "/nix/store/9z6k8ijl2md0y2n95yprbjj4vxbfsi15-python3-3.13.3-debug"
            }
          ],
          "store_path": "/nix/store/2mab9iiwhcqwk75qwvp3zv0bvbiaq6cs-python3-3.13.3"
        }
      }
    },
    "terraform@1.12.2": {
      "last_modified": "2025-07-28T17:09:23Z",
      "resolved": "github:NixOS/nixpkgs/648f70160c03151bc2121d179291337ad6bc564b#terraform",
      "source": "devbox-search",
      "version": "1.12.2",
      "systems": {
        "aarch64-darwin": {
          "outputs": [
            {
              "name": "out",
              "path": "/nix/store/40gjbhfk5r4njbvkny3jcn8dz9slr138-terraform-1.12.2",
              "default": true
            }
          ],
          "store_path": "/nix/store/40gjbhfk5r4njbvkny3jcn8dz9slr138-terraform-1.12.2"
        },
        "aarch64-linux": {
          "outputs": [
            {
              "name": "out",
              "path": "/nix/store/bvi0sf7qi75lk7aczgwp1bq811py9rj0-terraform-1.12.2",
              "default": true
            }
          ],
          "store_path": "/nix/store/bvi0sf7qi75lk7aczgwp1bq811py9rj0-terraform-1.12.2"
        },
        "x86_64-darwin": {
          "outputs": [
            {
              "name": "out",
              "path": "/nix/store/km3x95bvr81n0lpyfr7nf00vifl3q6hy-terraform-1.12.2",
              "default": true
            }
          ],
          "store_path": "/nix/store/km3x95bvr81n0lpyfr7nf00vifl3q6hy-terraform-1.12.2"
        },
        "x86_64-linux": {
          "outputs": [
            {
              "name": "out",
              "path": "/nix/store/vxazqkmsxlc6fgx3kl53jxiwjszghwrm-terraform-1.12.2",
              "default": true
            }
          ],
          "store_path": "/nix/store/vxazqkmsxlc6fgx3kl53jxiwjszghwrm-terraform-1.12.2"
        }
      }
    },
    "vault-bin@1.20.0": {
      "last_modified": "2025-07-28T17:09:23Z",
      "resolved": "github:NixOS/nixpkgs/648f70160c03151bc2121d179291337ad6bc564b#vault-bin",
      "source": "devbox-search",
      "version": "1.20.0",
      "systems": {
        "aarch64-darwin": {
          "outputs": [
            {
              "name": "out",
              "path": "/nix/store/33mm8z34gmdki4as2r47dgg39lcpjra9-vault-bin-1.20.0",
              "default": true
            }
          ],
          "store_path": "/nix/store/33mm8z34gmdki4as2r47dgg39lcpjra9-vault-bin-1.20.0"
        },
        "aarch64-linux": {
          "outputs": [
            {
              "name": "out",
              "path": "/nix/store/750wbbwm32bmnzwcb6ay9078a7qb0d9j-vault-bin-1.20.0",
              "default": true
            }
          ],
          "store_path": "/nix/store/750wbbwm32bmnzwcb6ay9078a7qb0d9j-vault-bin-1.20.0"
        },
        "x86_64-darwin": {
          "outputs": [
            {
              "name": "out",
              "path": "/nix/store/iy0q137lqfffb9fsf39hbwwm8ds44xfv-vault-bin-1.20.0",
              "default": true
            }
          ],
          "store_path": "/nix/store/iy0q137lqfffb9fsf39hbwwm8ds44xfv-vault-bin-1.20.0"
        },
        "x86_64-linux": {
          "outputs": [
            {
              "name": "out",
              "path": "/nix/store/0cacdxkpgj5dkw0b6za5c15k4s2ac64m-vault-bin-1.20.0",
              "default": true
            }
          ],
          "store_path": "/nix/store/0cacdxkpgj5dkw0b6za5c15k4s2ac64m-vault-bin-1.20.0"
        }
      }
    },
    "yq-go@4.47.1": {
      "last_modified": "2025-07-28T17:09:23Z",
      "resolved": "github:NixOS/nixpkgs/648f70160c03151bc2121d179291337ad6bc564b#yq-go",
      "source": "devbox-search",
      "version": "4.47.1",
      "systems": {
        "aarch64-darwin": {
          "outputs": [
            {
              "name": "out",
              "path": "/nix/store/c60vkx9c2hyp39ajq0v211j1yll5d4as-yq-go-4.47.1",
              "default": true
            }
          ],
          "store_path": "/nix/store/c60vkx9c2hyp39ajq0v211j1yll5d4as-yq-go-4.47.1"
        },
        "aarch64-linux": {
          "outputs": [
            {
              "name": "out",
              "path": "/nix/store/f7n0i12bhhq9ssv8n07pd8pmqarqbvhg-yq-go-4.47.1",
              "default": true
            }
          ],
          "store_path": "/nix/store/f7n0i12bhhq9ssv8n07pd8pmqarqbvhg-yq-go-4.47.1"
        },
        "x86_64-darwin": {
          "outputs": [
            {
              "name": "out",
              "path": "/nix/store/vga6ykbgq5hifmvwynk2w8pgncdqbgb9-yq-go-4.47.1",
              "default": true
            }
          ],
          "store_path": "/nix/store/vga6ykbgq5hifmvwynk2w8pgncdqbgb9-yq-go-4.47.1"
        },
        "x86_64-linux": {
          "outputs": [
            {
              "name": "out",
              "path": "/nix/store/b6j0gv68plxb5cxj2gwjdz8b998rpw87-yq-go-4.47.1",
              "default": true
            }
          ],
          "store_path": "/nix/store/b6j0gv68plxb5cxj2gwjdz8b998rpw87-yq-go-4.47.1"
        }
      }
    }
  }
}
